// !$*UTF8*$!
{
	archiveVersion = 1;
	classes = {
	};
	objectVersion = 60;
	objects = {

/* Begin PBXBuildFile section */
		00132E402C3EBFBB00BB7997 /* TimeApp.swift in Sources */ = {isa = PBXBuildFile; fileRef = 00132E3F2C3EBFBB00BB7997 /* TimeApp.swift */; };
		00132E462C3EBFBC00BB7997 /* Assets.xcassets in Resources */ = {isa = PBXBuildFile; fileRef = 00132E452C3EBFBC00BB7997 /* Assets.xcassets */; };
		00132E4A2C3EBFBC00BB7997 /* Preview Assets.xcassets in Resources */ = {isa = PBXBuildFile; fileRef = 00132E492C3EBFBC00BB7997 /* Preview Assets.xcassets */; };
		00132E542C3EBFBC00BB7997 /* TimeTests.swift in Sources */ = {isa = PBXBuildFile; fileRef = 00132E532C3EBFBC00BB7997 /* TimeTests.swift */; };
		00132E5E2C3EBFBC00BB7997 /* TimeUITests.swift in Sources */ = {isa = PBXBuildFile; fileRef = 00132E5D2C3EBFBC00BB7997 /* TimeUITests.swift */; };
		00132E602C3EBFBC00BB7997 /* TimeUITestsLaunchTests.swift in Sources */ = {isa = PBXBuildFile; fileRef = 00132E5F2C3EBFBC00BB7997 /* TimeUITestsLaunchTests.swift */; };
		00132E702C3EC04500BB7997 /* ProjectItemView.swift in Sources */ = {isa = PBXBuildFile; fileRef = 00132E6F2C3EC04500BB7997 /* ProjectItemView.swift */; };
		00132E7B2C46128200BB7997 /* ProjectItem.swift in Sources */ = {isa = PBXBuildFile; fileRef = 00132E7A2C46128200BB7997 /* ProjectItem.swift */; };
		00132E812C47B01700BB7997 /* ItemListView.swift in Sources */ = {isa = PBXBuildFile; fileRef = 00132E802C47B01700BB7997 /* ItemListView.swift */; };
		00132E882C4B957400BB7997 /* CreationView.swift in Sources */ = {isa = PBXBuildFile; fileRef = 00132E872C4B957400BB7997 /* CreationView.swift */; };
		00132E952C4B9CDE00BB7997 /* GeneralMacro in Frameworks */ = {isa = PBXBuildFile; productRef = 00132E942C4B9CDE00BB7997 /* GeneralMacro */; };
		00132E972C4B9DA400BB7997 /* GeneralMacroClient in Frameworks */ = {isa = PBXBuildFile; productRef = 00132E962C4B9DA400BB7997 /* GeneralMacroClient */; };
		00E15AAD2C4D23E20019FEE0 /* Util.swift in Sources */ = {isa = PBXBuildFile; fileRef = 00E15AAC2C4D23E20019FEE0 /* Util.swift */; };
/* End PBXBuildFile section */

/* Begin PBXContainerItemProxy section */
		00132E502C3EBFBC00BB7997 /* PBXContainerItemProxy */ = {
			isa = PBXContainerItemProxy;
			containerPortal = 00132E342C3EBFBB00BB7997 /* Project object */;
			proxyType = 1;
			remoteGlobalIDString = 00132E3B2C3EBFBB00BB7997;
			remoteInfo = Time;
		};
		00132E5A2C3EBFBC00BB7997 /* PBXContainerItemProxy */ = {
			isa = PBXContainerItemProxy;
			containerPortal = 00132E342C3EBFBB00BB7997 /* Project object */;
			proxyType = 1;
			remoteGlobalIDString = 00132E3B2C3EBFBB00BB7997;
			remoteInfo = Time;
		};
/* End PBXContainerItemProxy section */

/* Begin PBXFileReference section */
		00132E3C2C3EBFBB00BB7997 /* Time.app */ = {isa = PBXFileReference; explicitFileType = wrapper.application; includeInIndex = 0; path = Time.app; sourceTree = BUILT_PRODUCTS_DIR; };
		00132E3F2C3EBFBB00BB7997 /* TimeApp.swift */ = {isa = PBXFileReference; lastKnownFileType = sourcecode.swift; path = TimeApp.swift; sourceTree = "<group>"; };
		00132E452C3EBFBC00BB7997 /* Assets.xcassets */ = {isa = PBXFileReference; lastKnownFileType = folder.assetcatalog; path = Assets.xcassets; sourceTree = "<group>"; };
		00132E472C3EBFBC00BB7997 /* Time.entitlements */ = {isa = PBXFileReference; lastKnownFileType = text.plist.entitlements; path = Time.entitlements; sourceTree = "<group>"; };
		00132E492C3EBFBC00BB7997 /* Preview Assets.xcassets */ = {isa = PBXFileReference; lastKnownFileType = folder.assetcatalog; path = "Preview Assets.xcassets"; sourceTree = "<group>"; };
		00132E4F2C3EBFBC00BB7997 /* TimeTests.xctest */ = {isa = PBXFileReference; explicitFileType = wrapper.cfbundle; includeInIndex = 0; path = TimeTests.xctest; sourceTree = BUILT_PRODUCTS_DIR; };
		00132E532C3EBFBC00BB7997 /* TimeTests.swift */ = {isa = PBXFileReference; lastKnownFileType = sourcecode.swift; path = TimeTests.swift; sourceTree = "<group>"; };
		00132E592C3EBFBC00BB7997 /* TimeUITests.xctest */ = {isa = PBXFileReference; explicitFileType = wrapper.cfbundle; includeInIndex = 0; path = TimeUITests.xctest; sourceTree = BUILT_PRODUCTS_DIR; };
		00132E5D2C3EBFBC00BB7997 /* TimeUITests.swift */ = {isa = PBXFileReference; lastKnownFileType = sourcecode.swift; path = TimeUITests.swift; sourceTree = "<group>"; };
		00132E5F2C3EBFBC00BB7997 /* TimeUITestsLaunchTests.swift */ = {isa = PBXFileReference; lastKnownFileType = sourcecode.swift; path = TimeUITestsLaunchTests.swift; sourceTree = "<group>"; };
		00132E6F2C3EC04500BB7997 /* ProjectItemView.swift */ = {isa = PBXFileReference; lastKnownFileType = sourcecode.swift; path = ProjectItemView.swift; sourceTree = "<group>"; };
		00132E7A2C46128200BB7997 /* ProjectItem.swift */ = {isa = PBXFileReference; lastKnownFileType = sourcecode.swift; name = ProjectItem.swift; path = Time/TimeView/Models/ProjectItem.swift; sourceTree = SOURCE_ROOT; };
		00132E802C47B01700BB7997 /* ItemListView.swift */ = {isa = PBXFileReference; lastKnownFileType = sourcecode.swift; path = ItemListView.swift; sourceTree = "<group>"; };
		00132E872C4B957400BB7997 /* CreationView.swift */ = {isa = PBXFileReference; lastKnownFileType = sourcecode.swift; path = CreationView.swift; sourceTree = "<group>"; };
		00E15AAC2C4D23E20019FEE0 /* Util.swift */ = {isa = PBXFileReference; lastKnownFileType = sourcecode.swift; path = Util.swift; sourceTree = "<group>"; };
/* End PBXFileReference section */

/* Begin PBXFrameworksBuildPhase section */
		00132E392C3EBFBB00BB7997 /* Frameworks */ = {
			isa = PBXFrameworksBuildPhase;
			buildActionMask = 2147483647;
			files = (
				00132E952C4B9CDE00BB7997 /* GeneralMacro in Frameworks */,
				00132E972C4B9DA400BB7997 /* GeneralMacroClient in Frameworks */,
			);
			runOnlyForDeploymentPostprocessing = 0;
		};
		00132E4C2C3EBFBC00BB7997 /* Frameworks */ = {
			isa = PBXFrameworksBuildPhase;
			buildActionMask = 2147483647;
			files = (
			);
			runOnlyForDeploymentPostprocessing = 0;
		};
		00132E562C3EBFBC00BB7997 /* Frameworks */ = {
			isa = PBXFrameworksBuildPhase;
			buildActionMask = 2147483647;
			files = (
			);
			runOnlyForDeploymentPostprocessing = 0;
		};
/* End PBXFrameworksBuildPhase section */

/* Begin PBXGroup section */
		00132E332C3EBFBB00BB7997 = {
			isa = PBXGroup;
			children = (
				00132E3E2C3EBFBB00BB7997 /* Time */,
				00132E522C3EBFBC00BB7997 /* TimeTests */,
				00132E5C2C3EBFBC00BB7997 /* TimeUITests */,
				00132E3D2C3EBFBB00BB7997 /* Products */,
				00132E8C2C4B98FA00BB7997 /* Frameworks */,
			);
			sourceTree = "<group>";
		};
		00132E3D2C3EBFBB00BB7997 /* Products */ = {
			isa = PBXGroup;
			children = (
				00132E3C2C3EBFBB00BB7997 /* Time.app */,
				00132E4F2C3EBFBC00BB7997 /* TimeTests.xctest */,
				00132E592C3EBFBC00BB7997 /* TimeUITests.xctest */,
			);
			name = Products;
			sourceTree = "<group>";
		};
		00132E3E2C3EBFBB00BB7997 /* Time */ = {
			isa = PBXGroup;
			children = (
				00E15AAB2C4D23CE0019FEE0 /* Util */,
				00132E7C2C4612A600BB7997 /* Models */,
				00132E6C2C3EBFCC00BB7997 /* TimeView */,
				00132E3F2C3EBFBB00BB7997 /* TimeApp.swift */,
				00132E452C3EBFBC00BB7997 /* Assets.xcassets */,
				00132E472C3EBFBC00BB7997 /* Time.entitlements */,
				00132E482C3EBFBC00BB7997 /* Preview Content */,
			);
			path = Time;
			sourceTree = "<group>";
		};
		00132E482C3EBFBC00BB7997 /* Preview Content */ = {
			isa = PBXGroup;
			children = (
				00132E492C3EBFBC00BB7997 /* Preview Assets.xcassets */,
			);
			path = "Preview Content";
			sourceTree = "<group>";
		};
		00132E522C3EBFBC00BB7997 /* TimeTests */ = {
			isa = PBXGroup;
			children = (
				00132E532C3EBFBC00BB7997 /* TimeTests.swift */,
			);
			path = TimeTests;
			sourceTree = "<group>";
		};
		00132E5C2C3EBFBC00BB7997 /* TimeUITests */ = {
			isa = PBXGroup;
			children = (
				00132E5D2C3EBFBC00BB7997 /* TimeUITests.swift */,
				00132E5F2C3EBFBC00BB7997 /* TimeUITestsLaunchTests.swift */,
			);
			path = TimeUITests;
			sourceTree = "<group>";
		};
		00132E6C2C3EBFCC00BB7997 /* TimeView */ = {
			isa = PBXGroup;
			children = (
				00132E6F2C3EC04500BB7997 /* ProjectItemView.swift */,
				00132E802C47B01700BB7997 /* ItemListView.swift */,
				00132E872C4B957400BB7997 /* CreationView.swift */,
			);
			path = TimeView;
			sourceTree = "<group>";
		};
		00132E7C2C4612A600BB7997 /* Models */ = {
			isa = PBXGroup;
			children = (
				00132E7A2C46128200BB7997 /* ProjectItem.swift */,
			);
			name = Models;
			path = TimeView/Models;
			sourceTree = "<group>";
		};
		00132E8C2C4B98FA00BB7997 /* Frameworks */ = {
			isa = PBXGroup;
			children = (
			);
			name = Frameworks;
			sourceTree = "<group>";
		};
		00E15AAB2C4D23CE0019FEE0 /* Util */ = {
			isa = PBXGroup;
			children = (
				00E15AAC2C4D23E20019FEE0 /* Util.swift */,
			);
			path = Util;
			sourceTree = "<group>";
		};
/* End PBXGroup section */

/* Begin PBXNativeTarget section */
		00132E3B2C3EBFBB00BB7997 /* Time */ = {
			isa = PBXNativeTarget;
			buildConfigurationList = 00132E632C3EBFBC00BB7997 /* Build configuration list for PBXNativeTarget "Time" */;
			buildPhases = (
				00132E382C3EBFBB00BB7997 /* Sources */,
				00132E392C3EBFBB00BB7997 /* Frameworks */,
				00132E3A2C3EBFBB00BB7997 /* Resources */,
			);
			buildRules = (
			);
			dependencies = (
			);
			name = Time;
			packageProductDependencies = (
				00132E942C4B9CDE00BB7997 /* GeneralMacro */,
				00132E962C4B9DA400BB7997 /* GeneralMacroClient */,
			);
			productName = Time;
			productReference = 00132E3C2C3EBFBB00BB7997 /* Time.app */;
			productType = "com.apple.product-type.application";
		};
		00132E4E2C3EBFBC00BB7997 /* TimeTests */ = {
			isa = PBXNativeTarget;
			buildConfigurationList = 00132E662C3EBFBC00BB7997 /* Build configuration list for PBXNativeTarget "TimeTests" */;
			buildPhases = (
				00132E4B2C3EBFBC00BB7997 /* Sources */,
				00132E4C2C3EBFBC00BB7997 /* Frameworks */,
				00132E4D2C3EBFBC00BB7997 /* Resources */,
			);
			buildRules = (
			);
			dependencies = (
				00132E512C3EBFBC00BB7997 /* PBXTargetDependency */,
			);
			name = TimeTests;
			packageProductDependencies = (
			);
			productName = TimeTests;
			productReference = 00132E4F2C3EBFBC00BB7997 /* TimeTests.xctest */;
			productType = "com.apple.product-type.bundle.unit-test";
		};
		00132E582C3EBFBC00BB7997 /* TimeUITests */ = {
			isa = PBXNativeTarget;
			buildConfigurationList = 00132E692C3EBFBC00BB7997 /* Build configuration list for PBXNativeTarget "TimeUITests" */;
			buildPhases = (
				00132E552C3EBFBC00BB7997 /* Sources */,
				00132E562C3EBFBC00BB7997 /* Frameworks */,
				00132E572C3EBFBC00BB7997 /* Resources */,
			);
			buildRules = (
			);
			dependencies = (
				00132E5B2C3EBFBC00BB7997 /* PBXTargetDependency */,
			);
			name = TimeUITests;
			productName = TimeUITests;
			productReference = 00132E592C3EBFBC00BB7997 /* TimeUITests.xctest */;
			productType = "com.apple.product-type.bundle.ui-testing";
		};
/* End PBXNativeTarget section */

/* Begin PBXProject section */
		00132E342C3EBFBB00BB7997 /* Project object */ = {
			isa = PBXProject;
			attributes = {
				BuildIndependentTargetsInParallel = 1;
				LastSwiftUpdateCheck = 1540;
				LastUpgradeCheck = 1540;
				TargetAttributes = {
					00132E3B2C3EBFBB00BB7997 = {
						CreatedOnToolsVersion = 15.4;
					};
					00132E4E2C3EBFBC00BB7997 = {
						CreatedOnToolsVersion = 15.4;
						TestTargetID = 00132E3B2C3EBFBB00BB7997;
					};
					00132E582C3EBFBC00BB7997 = {
						CreatedOnToolsVersion = 15.4;
						TestTargetID = 00132E3B2C3EBFBB00BB7997;
					};
				};
			};
			buildConfigurationList = 00132E372C3EBFBB00BB7997 /* Build configuration list for PBXProject "Time" */;
			compatibilityVersion = "Xcode 14.0";
			developmentRegion = en;
			hasScannedForEncodings = 0;
			knownRegions = (
				en,
				Base,
			);
			mainGroup = 00132E332C3EBFBB00BB7997;
			packageReferences = (
				00132E8F2C4B9C6A00BB7997 /* XCLocalSwiftPackageReference "../GeneralMacro" */,
			);
			productRefGroup = 00132E3D2C3EBFBB00BB7997 /* Products */;
			projectDirPath = "";
			projectRoot = "";
			targets = (
				00132E3B2C3EBFBB00BB7997 /* Time */,
				00132E4E2C3EBFBC00BB7997 /* TimeTests */,
				00132E582C3EBFBC00BB7997 /* TimeUITests */,
			);
		};
/* End PBXProject section */

/* Begin PBXResourcesBuildPhase section */
		00132E3A2C3EBFBB00BB7997 /* Resources */ = {
			isa = PBXResourcesBuildPhase;
			buildActionMask = 2147483647;
			files = (
				00132E4A2C3EBFBC00BB7997 /* Preview Assets.xcassets in Resources */,
				00132E462C3EBFBC00BB7997 /* Assets.xcassets in Resources */,
			);
			runOnlyForDeploymentPostprocessing = 0;
		};
		00132E4D2C3EBFBC00BB7997 /* Resources */ = {
			isa = PBXResourcesBuildPhase;
			buildActionMask = 2147483647;
			files = (
			);
			runOnlyForDeploymentPostprocessing = 0;
		};
		00132E572C3EBFBC00BB7997 /* Resources */ = {
			isa = PBXResourcesBuildPhase;
			buildActionMask = 2147483647;
			files = (
			);
			runOnlyForDeploymentPostprocessing = 0;
		};
/* End PBXResourcesBuildPhase section */

/* Begin PBXSourcesBuildPhase section */
		00132E382C3EBFBB00BB7997 /* Sources */ = {
			isa = PBXSourcesBuildPhase;
			buildActionMask = 2147483647;
			files = (
				00132E812C47B01700BB7997 /* ItemListView.swift in Sources */,
				00132E702C3EC04500BB7997 /* ProjectItemView.swift in Sources */,
				00132E7B2C46128200BB7997 /* ProjectItem.swift in Sources */,
				00E15AAD2C4D23E20019FEE0 /* Util.swift in Sources */,
				00132E402C3EBFBB00BB7997 /* TimeApp.swift in Sources */,
				00132E882C4B957400BB7997 /* CreationView.swift in Sources */,
			);
			runOnlyForDeploymentPostprocessing = 0;
		};
		00132E4B2C3EBFBC00BB7997 /* Sources */ = {
			isa = PBXSourcesBuildPhase;
			buildActionMask = 2147483647;
			files = (
				00132E542C3EBFBC00BB7997 /* TimeTests.swift in Sources */,
			);
			runOnlyForDeploymentPostprocessing = 0;
		};
		00132E552C3EBFBC00BB7997 /* Sources */ = {
			isa = PBXSourcesBuildPhase;
			buildActionMask = 2147483647;
			files = (
				00132E5E2C3EBFBC00BB7997 /* TimeUITests.swift in Sources */,
				00132E602C3EBFBC00BB7997 /* TimeUITestsLaunchTests.swift in Sources */,
			);
			runOnlyForDeploymentPostprocessing = 0;
		};
/* End PBXSourcesBuildPhase section */

/* Begin PBXTargetDependency section */
		00132E512C3EBFBC00BB7997 /* PBXTargetDependency */ = {
			isa = PBXTargetDependency;
			target = 00132E3B2C3EBFBB00BB7997 /* Time */;
			targetProxy = 00132E502C3EBFBC00BB7997 /* PBXContainerItemProxy */;
		};
		00132E5B2C3EBFBC00BB7997 /* PBXTargetDependency */ = {
			isa = PBXTargetDependency;
			target = 00132E3B2C3EBFBB00BB7997 /* Time */;
			targetProxy = 00132E5A2C3EBFBC00BB7997 /* PBXContainerItemProxy */;
		};
/* End PBXTargetDependency section */

/* Begin XCBuildConfiguration section */
		00132E612C3EBFBC00BB7997 /* Debug */ = {
			isa = XCBuildConfiguration;
			buildSettings = {
				ALWAYS_SEARCH_USER_PATHS = NO;
				ASSETCATALOG_COMPILER_GENERATE_SWIFT_ASSET_SYMBOL_EXTENSIONS = YES;
				CLANG_ANALYZER_NONNULL = YES;
				CLANG_ANALYZER_NUMBER_OBJECT_CONVERSION = YES_AGGRESSIVE;
				CLANG_CXX_LANGUAGE_STANDARD = "gnu++20";
				CLANG_ENABLE_MODULES = YES;
				CLANG_ENABLE_OBJC_ARC = YES;
				CLANG_ENABLE_OBJC_WEAK = YES;
				CLANG_WARN_BLOCK_CAPTURE_AUTORELEASING = YES;
				CLANG_WARN_BOOL_CONVERSION = YES;
				CLANG_WARN_COMMA = YES;
				CLANG_WARN_CONSTANT_CONVERSION = YES;
				CLANG_WARN_DEPRECATED_OBJC_IMPLEMENTATIONS = YES;
				CLANG_WARN_DIRECT_OBJC_ISA_USAGE = YES_ERROR;
				CLANG_WARN_DOCUMENTATION_COMMENTS = YES;
				CLANG_WARN_EMPTY_BODY = YES;
				CLANG_WARN_ENUM_CONVERSION = YES;
				CLANG_WARN_INFINITE_RECURSION = YES;
				CLANG_WARN_INT_CONVERSION = YES;
				CLANG_WARN_NON_LITERAL_NULL_CONVERSION = YES;
				CLANG_WARN_OBJC_IMPLICIT_RETAIN_SELF = YES;
				CLANG_WARN_OBJC_LITERAL_CONVERSION = YES;
				CLANG_WARN_OBJC_ROOT_CLASS = YES_ERROR;
				CLANG_WARN_QUOTED_INCLUDE_IN_FRAMEWORK_HEADER = YES;
				CLANG_WARN_RANGE_LOOP_ANALYSIS = YES;
				CLANG_WARN_STRICT_PROTOTYPES = YES;
				CLANG_WARN_SUSPICIOUS_MOVE = YES;
				CLANG_WARN_UNGUARDED_AVAILABILITY = YES_AGGRESSIVE;
				CLANG_WARN_UNREACHABLE_CODE = YES;
				CLANG_WARN__DUPLICATE_METHOD_MATCH = YES;
				COPY_PHASE_STRIP = NO;
				DEBUG_INFORMATION_FORMAT = dwarf;
				ENABLE_STRICT_OBJC_MSGSEND = YES;
				ENABLE_TESTABILITY = YES;
				ENABLE_USER_SCRIPT_SANDBOXING = YES;
				GCC_C_LANGUAGE_STANDARD = gnu17;
				GCC_DYNAMIC_NO_PIC = NO;
				GCC_NO_COMMON_BLOCKS = YES;
				GCC_OPTIMIZATION_LEVEL = 0;
				GCC_PREPROCESSOR_DEFINITIONS = (
					"DEBUG=1",
					"$(inherited)",
				);
				GCC_WARN_64_TO_32_BIT_CONVERSION = YES;
				GCC_WARN_ABOUT_RETURN_TYPE = YES_ERROR;
				GCC_WARN_UNDECLARED_SELECTOR = YES;
				GCC_WARN_UNINITIALIZED_AUTOS = YES_AGGRESSIVE;
				GCC_WARN_UNUSED_FUNCTION = YES;
				GCC_WARN_UNUSED_VARIABLE = YES;
				LOCALIZATION_PREFERS_STRING_CATALOGS = YES;
				MTL_ENABLE_DEBUG_INFO = INCLUDE_SOURCE;
				MTL_FAST_MATH = YES;
				ONLY_ACTIVE_ARCH = YES;
				SWIFT_ACTIVE_COMPILATION_CONDITIONS = "DEBUG $(inherited)";
				SWIFT_OPTIMIZATION_LEVEL = "-Onone";
			};
			name = Debug;
		};
		00132E622C3EBFBC00BB7997 /* Release */ = {
			isa = XCBuildConfiguration;
			buildSettings = {
				ALWAYS_SEARCH_USER_PATHS = NO;
				ASSETCATALOG_COMPILER_GENERATE_SWIFT_ASSET_SYMBOL_EXTENSIONS = YES;
				CLANG_ANALYZER_NONNULL = YES;
				CLANG_ANALYZER_NUMBER_OBJECT_CONVERSION = YES_AGGRESSIVE;
				CLANG_CXX_LANGUAGE_STANDARD = "gnu++20";
				CLANG_ENABLE_MODULES = YES;
				CLANG_ENABLE_OBJC_ARC = YES;
				CLANG_ENABLE_OBJC_WEAK = YES;
				CLANG_WARN_BLOCK_CAPTURE_AUTORELEASING = YES;
				CLANG_WARN_BOOL_CONVERSION = YES;
				CLANG_WARN_COMMA = YES;
				CLANG_WARN_CONSTANT_CONVERSION = YES;
				CLANG_WARN_DEPRECATED_OBJC_IMPLEMENTATIONS = YES;
				CLANG_WARN_DIRECT_OBJC_ISA_USAGE = YES_ERROR;
				CLANG_WARN_DOCUMENTATION_COMMENTS = YES;
				CLANG_WARN_EMPTY_BODY = YES;
				CLANG_WARN_ENUM_CONVERSION = YES;
				CLANG_WARN_INFINITE_RECURSION = YES;
				CLANG_WARN_INT_CONVERSION = YES;
				CLANG_WARN_NON_LITERAL_NULL_CONVERSION = YES;
				CLANG_WARN_OBJC_IMPLICIT_RETAIN_SELF = YES;
				CLANG_WARN_OBJC_LITERAL_CONVERSION = YES;
				CLANG_WARN_OBJC_ROOT_CLASS = YES_ERROR;
				CLANG_WARN_QUOTED_INCLUDE_IN_FRAMEWORK_HEADER = YES;
				CLANG_WARN_RANGE_LOOP_ANALYSIS = YES;
				CLANG_WARN_STRICT_PROTOTYPES = YES;
				CLANG_WARN_SUSPICIOUS_MOVE = YES;
				CLANG_WARN_UNGUARDED_AVAILABILITY = YES_AGGRESSIVE;
				CLANG_WARN_UNREACHABLE_CODE = YES;
				CLANG_WARN__DUPLICATE_METHOD_MATCH = YES;
				COPY_PHASE_STRIP = NO;
				DEBUG_INFORMATION_FORMAT = "dwarf-with-dsym";
				ENABLE_NS_ASSERTIONS = NO;
				ENABLE_STRICT_OBJC_MSGSEND = YES;
				ENABLE_USER_SCRIPT_SANDBOXING = YES;
				GCC_C_LANGUAGE_STANDARD = gnu17;
				GCC_NO_COMMON_BLOCKS = YES;
				GCC_WARN_64_TO_32_BIT_CONVERSION = YES;
				GCC_WARN_ABOUT_RETURN_TYPE = YES_ERROR;
				GCC_WARN_UNDECLARED_SELECTOR = YES;
				GCC_WARN_UNINITIALIZED_AUTOS = YES_AGGRESSIVE;
				GCC_WARN_UNUSED_FUNCTION = YES;
				GCC_WARN_UNUSED_VARIABLE = YES;
				LOCALIZATION_PREFERS_STRING_CATALOGS = YES;
				MTL_ENABLE_DEBUG_INFO = NO;
				MTL_FAST_MATH = YES;
				SWIFT_COMPILATION_MODE = wholemodule;
			};
			name = Release;
		};
		00132E642C3EBFBC00BB7997 /* Debug */ = {
			isa = XCBuildConfiguration;
			buildSettings = {
				ASSETCATALOG_COMPILER_APPICON_NAME = AppIcon;
				ASSETCATALOG_COMPILER_GLOBAL_ACCENT_COLOR_NAME = AccentColor;
				CODE_SIGN_ENTITLEMENTS = Time/Time.entitlements;
				CODE_SIGN_STYLE = Automatic;
				CURRENT_PROJECT_VERSION = 1;
				DEVELOPMENT_ASSET_PATHS = "\"Time/Preview Content\"";
				DEVELOPMENT_TEAM = D7WUY54SX4;
				ENABLE_HARDENED_RUNTIME = YES;
				ENABLE_PREVIEWS = YES;
				GENERATE_INFOPLIST_FILE = YES;
				"INFOPLIST_KEY_UIApplicationSceneManifest_Generation[sdk=iphoneos*]" = YES;
				"INFOPLIST_KEY_UIApplicationSceneManifest_Generation[sdk=iphonesimulator*]" = YES;
				"INFOPLIST_KEY_UIApplicationSupportsIndirectInputEvents[sdk=iphoneos*]" = YES;
				"INFOPLIST_KEY_UIApplicationSupportsIndirectInputEvents[sdk=iphonesimulator*]" = YES;
				"INFOPLIST_KEY_UILaunchScreen_Generation[sdk=iphoneos*]" = YES;
				"INFOPLIST_KEY_UILaunchScreen_Generation[sdk=iphonesimulator*]" = YES;
				"INFOPLIST_KEY_UIStatusBarStyle[sdk=iphoneos*]" = UIStatusBarStyleDefault;
				"INFOPLIST_KEY_UIStatusBarStyle[sdk=iphonesimulator*]" = UIStatusBarStyleDefault;
				INFOPLIST_KEY_UISupportedInterfaceOrientations_iPad = "UIInterfaceOrientationPortrait UIInterfaceOrientationPortraitUpsideDown UIInterfaceOrientationLandscapeLeft UIInterfaceOrientationLandscapeRight";
				INFOPLIST_KEY_UISupportedInterfaceOrientations_iPhone = "UIInterfaceOrientationPortrait UIInterfaceOrientationLandscapeLeft UIInterfaceOrientationLandscapeRight";
				IPHONEOS_DEPLOYMENT_TARGET = 17.5;
				LD_RUNPATH_SEARCH_PATHS = "@executable_path/Frameworks";
				"LD_RUNPATH_SEARCH_PATHS[sdk=macosx*]" = "@executable_path/../Frameworks";
				MACOSX_DEPLOYMENT_TARGET = 14.0;
				MARKETING_VERSION = 1.0;
				PRODUCT_BUNDLE_IDENTIFIER = com.example.Time;
				PRODUCT_NAME = "$(TARGET_NAME)";
				SDKROOT = auto;
				SUPPORTED_PLATFORMS = "iphoneos iphonesimulator macosx";
				SWIFT_EMIT_LOC_STRINGS = YES;
				SWIFT_VERSION = 5.0;
				TARGETED_DEVICE_FAMILY = "1,2";
			};
			name = Debug;
		};
		00132E652C3EBFBC00BB7997 /* Release */ = {
			isa = XCBuildConfiguration;
			buildSettings = {
				ASSETCATALOG_COMPILER_APPICON_NAME = AppIcon;
				ASSETCATALOG_COMPILER_GLOBAL_ACCENT_COLOR_NAME = AccentColor;
				CODE_SIGN_ENTITLEMENTS = Time/Time.entitlements;
				CODE_SIGN_STYLE = Automatic;
				CURRENT_PROJECT_VERSION = 1;
				DEVELOPMENT_ASSET_PATHS = "\"Time/Preview Content\"";
				DEVELOPMENT_TEAM = D7WUY54SX4;
				ENABLE_HARDENED_RUNTIME = YES;
				ENABLE_PREVIEWS = YES;
				GENERATE_INFOPLIST_FILE = YES;
				"INFOPLIST_KEY_UIApplicationSceneManifest_Generation[sdk=iphoneos*]" = YES;
				"INFOPLIST_KEY_UIApplicationSceneManifest_Generation[sdk=iphonesimulator*]" = YES;
				"INFOPLIST_KEY_UIApplicationSupportsIndirectInputEvents[sdk=iphoneos*]" = YES;
				"INFOPLIST_KEY_UIApplicationSupportsIndirectInputEvents[sdk=iphonesimulator*]" = YES;
				"INFOPLIST_KEY_UILaunchScreen_Generation[sdk=iphoneos*]" = YES;
				"INFOPLIST_KEY_UILaunchScreen_Generation[sdk=iphonesimulator*]" = YES;
				"INFOPLIST_KEY_UIStatusBarStyle[sdk=iphoneos*]" = UIStatusBarStyleDefault;
				"INFOPLIST_KEY_UIStatusBarStyle[sdk=iphonesimulator*]" = UIStatusBarStyleDefault;
				INFOPLIST_KEY_UISupportedInterfaceOrientations_iPad = "UIInterfaceOrientationPortrait UIInterfaceOrientationPortraitUpsideDown UIInterfaceOrientationLandscapeLeft UIInterfaceOrientationLandscapeRight";
				INFOPLIST_KEY_UISupportedInterfaceOrientations_iPhone = "UIInterfaceOrientationPortrait UIInterfaceOrientationLandscapeLeft UIInterfaceOrientationLandscapeRight";
				IPHONEOS_DEPLOYMENT_TARGET = 17.5;
				LD_RUNPATH_SEARCH_PATHS = "@executable_path/Frameworks";
				"LD_RUNPATH_SEARCH_PATHS[sdk=macosx*]" = "@executable_path/../Frameworks";
				MACOSX_DEPLOYMENT_TARGET = 14.0;
				MARKETING_VERSION = 1.0;
				PRODUCT_BUNDLE_IDENTIFIER = com.example.Time;
				PRODUCT_NAME = "$(TARGET_NAME)";
				SDKROOT = auto;
				SUPPORTED_PLATFORMS = "iphoneos iphonesimulator macosx";
				SWIFT_EMIT_LOC_STRINGS = YES;
				SWIFT_VERSION = 5.0;
				TARGETED_DEVICE_FAMILY = "1,2";
			};
			name = Release;
		};
		00132E672C3EBFBC00BB7997 /* Debug */ = {
			isa = XCBuildConfiguration;
			buildSettings = {
				ALWAYS_EMBED_SWIFT_STANDARD_LIBRARIES = YES;
				BUNDLE_LOADER = "$(TEST_HOST)";
				CODE_SIGN_STYLE = Automatic;
				CURRENT_PROJECT_VERSION = 1;
				DEVELOPMENT_TEAM = D7WUY54SX4;
				GENERATE_INFOPLIST_FILE = YES;
				IPHONEOS_DEPLOYMENT_TARGET = 17.5;
				MACOSX_DEPLOYMENT_TARGET = 14.5;
				MARKETING_VERSION = 1.0;
				PRODUCT_BUNDLE_IDENTIFIER = com.example.TimeTests;
				PRODUCT_NAME = "$(TARGET_NAME)";
				SDKROOT = auto;
				SUPPORTED_PLATFORMS = "iphoneos iphonesimulator macosx";
				SWIFT_EMIT_LOC_STRINGS = NO;
				SWIFT_VERSION = 5.0;
				TARGETED_DEVICE_FAMILY = "1,2";
				TEST_HOST = "$(BUILT_PRODUCTS_DIR)/Time.app/$(BUNDLE_EXECUTABLE_FOLDER_PATH)/Time";
			};
			name = Debug;
		};
		00132E682C3EBFBC00BB7997 /* Release */ = {
			isa = XCBuildConfiguration;
			buildSettings = {
				ALWAYS_EMBED_SWIFT_STANDARD_LIBRARIES = YES;
				BUNDLE_LOADER = "$(TEST_HOST)";
				CODE_SIGN_STYLE = Automatic;
				CURRENT_PROJECT_VERSION = 1;
				DEVELOPMENT_TEAM = D7WUY54SX4;
				GENERATE_INFOPLIST_FILE = YES;
				IPHONEOS_DEPLOYMENT_TARGET = 17.5;
				MACOSX_DEPLOYMENT_TARGET = 14.5;
				MARKETING_VERSION = 1.0;
				PRODUCT_BUNDLE_IDENTIFIER = com.example.TimeTests;
				PRODUCT_NAME = "$(TARGET_NAME)";
				SDKROOT = auto;
				SUPPORTED_PLATFORMS = "iphoneos iphonesimulator macosx";
				SWIFT_EMIT_LOC_STRINGS = NO;
				SWIFT_VERSION = 5.0;
				TARGETED_DEVICE_FAMILY = "1,2";
				TEST_HOST = "$(BUILT_PRODUCTS_DIR)/Time.app/$(BUNDLE_EXECUTABLE_FOLDER_PATH)/Time";
			};
			name = Release;
		};
		00132E6A2C3EBFBC00BB7997 /* Debug */ = {
			isa = XCBuildConfiguration;
			buildSettings = {
				ALWAYS_EMBED_SWIFT_STANDARD_LIBRARIES = YES;
				CODE_SIGN_STYLE = Automatic;
				CURRENT_PROJECT_VERSION = 1;
				DEVELOPMENT_TEAM = D7WUY54SX4;
				GENERATE_INFOPLIST_FILE = YES;
				IPHONEOS_DEPLOYMENT_TARGET = 17.5;
				MACOSX_DEPLOYMENT_TARGET = 14.5;
				MARKETING_VERSION = 1.0;
				PRODUCT_BUNDLE_IDENTIFIER = com.example.TimeUITests;
				PRODUCT_NAME = "$(TARGET_NAME)";
				SDKROOT = auto;
				SUPPORTED_PLATFORMS = "iphoneos iphonesimulator macosx";
				SWIFT_EMIT_LOC_STRINGS = NO;
				SWIFT_VERSION = 5.0;
				TARGETED_DEVICE_FAMILY = "1,2";
				TEST_TARGET_NAME = Time;
			};
			name = Debug;
		};
		00132E6B2C3EBFBC00BB7997 /* Release */ = {
			isa = XCBuildConfiguration;
			buildSettings = {
				ALWAYS_EMBED_SWIFT_STANDARD_LIBRARIES = YES;
				CODE_SIGN_STYLE = Automatic;
				CURRENT_PROJECT_VERSION = 1;
				DEVELOPMENT_TEAM = D7WUY54SX4;
				GENERATE_INFOPLIST_FILE = YES;
				IPHONEOS_DEPLOYMENT_TARGET = 17.5;
				MACOSX_DEPLOYMENT_TARGET = 14.5;
				MARKETING_VERSION = 1.0;
				PRODUCT_BUNDLE_IDENTIFIER = com.example.TimeUITests;
				PRODUCT_NAME = "$(TARGET_NAME)";
				SDKROOT = auto;
				SUPPORTED_PLATFORMS = "iphoneos iphonesimulator macosx";
				SWIFT_EMIT_LOC_STRINGS = NO;
				SWIFT_VERSION = 5.0;
				TARGETED_DEVICE_FAMILY = "1,2";
				TEST_TARGET_NAME = Time;
			};
			name = Release;
		};
/* End XCBuildConfiguration section */

/* Begin XCConfigurationList section */
		00132E372C3EBFBB00BB7997 /* Build configuration list for PBXProject "Time" */ = {
			isa = XCConfigurationList;
			buildConfigurations = (
				00132E612C3EBFBC00BB7997 /* Debug */,
				00132E622C3EBFBC00BB7997 /* Release */,
			);
			defaultConfigurationIsVisible = 0;
			defaultConfigurationName = Release;
		};
		00132E632C3EBFBC00BB7997 /* Build configuration list for PBXNativeTarget "Time" */ = {
			isa = XCConfigurationList;
			buildConfigurations = (
				00132E642C3EBFBC00BB7997 /* Debug */,
				00132E652C3EBFBC00BB7997 /* Release */,
			);
			defaultConfigurationIsVisible = 0;
			defaultConfigurationName = Release;
		};
		00132E662C3EBFBC00BB7997 /* Build configuration list for PBXNativeTarget "TimeTests" */ = {
			isa = XCConfigurationList;
			buildConfigurations = (
				00132E672C3EBFBC00BB7997 /* Debug */,
				00132E682C3EBFBC00BB7997 /* Release */,
			);
			defaultConfigurationIsVisible = 0;
			defaultConfigurationName = Release;
		};
		00132E692C3EBFBC00BB7997 /* Build configuration list for PBXNativeTarget "TimeUITests" */ = {
			isa = XCConfigurationList;
			buildConfigurations = (
				00132E6A2C3EBFBC00BB7997 /* Debug */,
				00132E6B2C3EBFBC00BB7997 /* Release */,
			);
			defaultConfigurationIsVisible = 0;
			defaultConfigurationName = Release;
		};
/* End XCConfigurationList section */

/* Begin XCLocalSwiftPackageReference section */
		00132E8F2C4B9C6A00BB7997 /* XCLocalSwiftPackageReference "../GeneralMacro" */ = {
			isa = XCLocalSwiftPackageReference;
			relativePath = ../GeneralMacro;
		};
/* End XCLocalSwiftPackageReference section */

/* Begin XCSwiftPackageProductDependency section */
		00132E942C4B9CDE00BB7997 /* GeneralMacro */ = {
			isa = XCSwiftPackageProductDependency;
			package = 00132E8F2C4B9C6A00BB7997 /* XCLocalSwiftPackageReference "../GeneralMacro" */;
			productName = GeneralMacro;
		};
		00132E962C4B9DA400BB7997 /* GeneralMacroClient */ = {
			isa = XCSwiftPackageProductDependency;
			package = 00132E8F2C4B9C6A00BB7997 /* XCLocalSwiftPackageReference "../GeneralMacro" */;
			productName = GeneralMacroClient;
		};
/* End XCSwiftPackageProductDependency section */
	};
	rootObject = 00132E342C3EBFBB00BB7997 /* Project object */;
}
