// !$*UTF8*$!
{
	archiveVersion = 1;
	classes = {
	};
	objectVersion = 60;
	objects = {

/* Begin PBXBuildFile section */
		00132E402C3EBFBB00BB7997 /* TimeApp.swift in Sources */ = {isa = PBXBuildFile; fileRef = 00132E3F2C3EBFBB00BB7997 /* TimeApp.swift */; };
		00132E462C3EBFBC00BB7997 /* Assets.xcassets in Resources */ = {isa = PBXBuildFile; fileRef = 00132E452C3EBFBC00BB7997 /* Assets.xcassets */; };
		00132E4A2C3EBFBC00BB7997 /* Preview Assets.xcassets in Resources */ = {isa = PBXBuildFile; fileRef = 00132E492C3EBFBC00BB7997 /* Preview Assets.xcassets */; };
		00132E542C3EBFBC00BB7997 /* TimeTests.swift in Sources */ = {isa = PBXBuildFile; fileRef = 00132E532C3EBFBC00BB7997 /* TimeTests.swift */; };
		00132E5E2C3EBFBC00BB7997 /* TimeUITests.swift in Sources */ = {isa = PBXBuildFile; fileRef = 00132E5D2C3EBFBC00BB7997 /* TimeUITests.swift */; };
		00132E602C3EBFBC00BB7997 /* TimeUITestsLaunchTests.swift in Sources */ = {isa = PBXBuildFile; fileRef = 00132E5F2C3EBFBC00BB7997 /* TimeUITestsLaunchTests.swift */; };
		00132E702C3EC04500BB7997 /* ProjectViewInList.swift in Sources */ = {isa = PBXBuildFile; fileRef = 00132E6F2C3EC04500BB7997 /* ProjectViewInList.swift */; };
		00132E7B2C46128200BB7997 /* ProjectItem.swift in Sources */ = {isa = PBXBuildFile; fileRef = 00132E7A2C46128200BB7997 /* ProjectItem.swift */; };
		00132E812C47B01700BB7997 /* Dashboard.swift in Sources */ = {isa = PBXBuildFile; fileRef = 00132E802C47B01700BB7997 /* Dashboard.swift */; };
		00132E882C4B957400BB7997 /* ProjectCreation.swift in Sources */ = {isa = PBXBuildFile; fileRef = 00132E872C4B957400BB7997 /* ProjectCreation.swift */; };
		0015458F2C5E00C800CC5D6E /* SettingsView.swift in Sources */ = {isa = PBXBuildFile; fileRef = 0015458E2C5E00C800CC5D6E /* SettingsView.swift */; };
		001545912C5E09EB00CC5D6E /* ContentView.swift in Sources */ = {isa = PBXBuildFile; fileRef = 001545902C5E09EB00CC5D6E /* ContentView.swift */; };
		001545932C5E191000CC5D6E /* Tag.swift in Sources */ = {isa = PBXBuildFile; fileRef = 001545922C5E191000CC5D6E /* Tag.swift */; };
		001545952C5E1B8100CC5D6E /* TagSelector.swift in Sources */ = {isa = PBXBuildFile; fileRef = 001545942C5E1B8100CC5D6E /* TagSelector.swift */; };
		0016C09A2C6213DA005308EA /* ProjectHeader.swift in Sources */ = {isa = PBXBuildFile; fileRef = 0016C0992C6213DA005308EA /* ProjectHeader.swift */; };
		003D166C2C5B5F4900D02472 /* ViewModel.swift in Sources */ = {isa = PBXBuildFile; fileRef = 003D166B2C5B5F4900D02472 /* ViewModel.swift */; };
		003D166E2C5B739600D02472 /* SortButton.swift in Sources */ = {isa = PBXBuildFile; fileRef = 003D166D2C5B739600D02472 /* SortButton.swift */; };
		003D16702C5B7C2500D02472 /* ProjectList.swift in Sources */ = {isa = PBXBuildFile; fileRef = 003D166F2C5B7C2500D02472 /* ProjectList.swift */; };
		004559A22C6342FB00A0C857 /* PeriodRecordService.swift in Sources */ = {isa = PBXBuildFile; fileRef = 004559A12C6342FB00A0C857 /* PeriodRecordService.swift */; };
		004559A42C6389C500A0C857 /* ProjectItemService.swift in Sources */ = {isa = PBXBuildFile; fileRef = 004559A32C6389C500A0C857 /* ProjectItemService.swift */; };
		004559A82C63B29500A0C857 /* History.swift in Sources */ = {isa = PBXBuildFile; fileRef = 004559A72C63B29500A0C857 /* History.swift */; };
		00522DCC2C66277500DA781A /* ProjectViewInTimeline.swift in Sources */ = {isa = PBXBuildFile; fileRef = 00522DCB2C66277500DA781A /* ProjectViewInTimeline.swift */; };
		00522DCE2C666AEC00DA781A /* ProjectTimeline.swift in Sources */ = {isa = PBXBuildFile; fileRef = 00522DCD2C666AEC00DA781A /* ProjectTimeline.swift */; };
		00522DD02C66FFF700DA781A /* ProjectSummary.swift in Sources */ = {isa = PBXBuildFile; fileRef = 00522DCF2C66FFF700DA781A /* ProjectSummary.swift */; };
		00522DD32C672F6600DA781A /* ClassAndViewUpdates.swift in Sources */ = {isa = PBXBuildFile; fileRef = 00522DD22C672F6600DA781A /* ClassAndViewUpdates.swift */; };
		00522DD62C677A9600DA781A /* PeriodEditingView.swift in Sources */ = {isa = PBXBuildFile; fileRef = 00522DD52C677A9600DA781A /* PeriodEditingView.swift */; };
		00522DD82C6787C200DA781A /* ParentProjectPicker.swift in Sources */ = {isa = PBXBuildFile; fileRef = 00522DD72C6787C200DA781A /* ParentProjectPicker.swift */; };
		00522DDA2C67880600DA781A /* ProjectNote.swift in Sources */ = {isa = PBXBuildFile; fileRef = 00522DD92C67880600DA781A /* ProjectNote.swift */; };
		00522DDC2C67883100DA781A /* TimePicker.swift in Sources */ = {isa = PBXBuildFile; fileRef = 00522DDB2C67883100DA781A /* TimePicker.swift */; };
		00522DE02C67888000DA781A /* ProjectDatePicker.swift in Sources */ = {isa = PBXBuildFile; fileRef = 00522DDF2C67888000DA781A /* ProjectDatePicker.swift */; };
		007F93C62C689AE000528F36 /* LoremSwiftum in Frameworks */ = {isa = PBXBuildFile; productRef = 007F93C52C689AE000528F36 /* LoremSwiftum */; };
		008039B32C630DD600B49561 /* Color.swift in Sources */ = {isa = PBXBuildFile; fileRef = 008039B22C630DD600B49561 /* Color.swift */; };
		0086A3E42C605499004B574E /* StatsOverview.swift in Sources */ = {isa = PBXBuildFile; fileRef = 0086A3E32C605499004B574E /* StatsOverview.swift */; };
		00B1A1EE2C57DE690026CE81 /* GeneralMacro in Frameworks */ = {isa = PBXBuildFile; productRef = 00B1A1ED2C57DE690026CE81 /* GeneralMacro */; };
		00B1A1F02C57DE690026CE81 /* GeneralMacroClient in Frameworks */ = {isa = PBXBuildFile; productRef = 00B1A1EF2C57DE690026CE81 /* GeneralMacroClient */; };
		00B1A1F42C57E1530026CE81 /* BitCollections in Frameworks */ = {isa = PBXBuildFile; productRef = 00B1A1F32C57E1530026CE81 /* BitCollections */; };
		00B1A1F62C57E1530026CE81 /* Collections in Frameworks */ = {isa = PBXBuildFile; productRef = 00B1A1F52C57E1530026CE81 /* Collections */; };
		00B1A1F82C57E1530026CE81 /* DequeModule in Frameworks */ = {isa = PBXBuildFile; productRef = 00B1A1F72C57E1530026CE81 /* DequeModule */; };
		00B1A1FA2C57E1530026CE81 /* HashTreeCollections in Frameworks */ = {isa = PBXBuildFile; productRef = 00B1A1F92C57E1530026CE81 /* HashTreeCollections */; };
		00B1A1FC2C57E1530026CE81 /* HeapModule in Frameworks */ = {isa = PBXBuildFile; productRef = 00B1A1FB2C57E1530026CE81 /* HeapModule */; };
		00B1A1FE2C57E1530026CE81 /* OrderedCollections in Frameworks */ = {isa = PBXBuildFile; productRef = 00B1A1FD2C57E1530026CE81 /* OrderedCollections */; };
		00B1A2002C57E1530026CE81 /* _RopeModule in Frameworks */ = {isa = PBXBuildFile; productRef = 00B1A1FF2C57E1530026CE81 /* _RopeModule */; };
		00D385542C56066D0091135F /* ProjectViewInHeader.swift in Sources */ = {isa = PBXBuildFile; fileRef = 00D385532C56066D0091135F /* ProjectViewInHeader.swift */; };
		00E15AAD2C4D23E20019FEE0 /* Util.swift in Sources */ = {isa = PBXBuildFile; fileRef = 00E15AAC2C4D23E20019FEE0 /* Util.swift */; };
		00E15AB52C514B010019FEE0 /* PeriodRecord.swift in Sources */ = {isa = PBXBuildFile; fileRef = 00E15AB42C514B010019FEE0 /* PeriodRecord.swift */; };
/* End PBXBuildFile section */

/* Begin PBXContainerItemProxy section */
		00132E502C3EBFBC00BB7997 /* PBXContainerItemProxy */ = {
			isa = PBXContainerItemProxy;
			containerPortal = 00132E342C3EBFBB00BB7997 /* Project object */;
			proxyType = 1;
			remoteGlobalIDString = 00132E3B2C3EBFBB00BB7997;
			remoteInfo = Time;
		};
		00132E5A2C3EBFBC00BB7997 /* PBXContainerItemProxy */ = {
			isa = PBXContainerItemProxy;
			containerPortal = 00132E342C3EBFBB00BB7997 /* Project object */;
			proxyType = 1;
			remoteGlobalIDString = 00132E3B2C3EBFBB00BB7997;
			remoteInfo = Time;
		};
/* End PBXContainerItemProxy section */

/* Begin PBXFileReference section */
		00132E3C2C3EBFBB00BB7997 /* Time.app */ = {isa = PBXFileReference; explicitFileType = wrapper.application; includeInIndex = 0; path = Time.app; sourceTree = BUILT_PRODUCTS_DIR; };
		00132E3F2C3EBFBB00BB7997 /* TimeApp.swift */ = {isa = PBXFileReference; lastKnownFileType = sourcecode.swift; path = TimeApp.swift; sourceTree = "<group>"; };
		00132E452C3EBFBC00BB7997 /* Assets.xcassets */ = {isa = PBXFileReference; lastKnownFileType = folder.assetcatalog; path = Assets.xcassets; sourceTree = "<group>"; };
		00132E472C3EBFBC00BB7997 /* Time.entitlements */ = {isa = PBXFileReference; lastKnownFileType = text.plist.entitlements; path = Time.entitlements; sourceTree = "<group>"; };
		00132E492C3EBFBC00BB7997 /* Preview Assets.xcassets */ = {isa = PBXFileReference; lastKnownFileType = folder.assetcatalog; path = "Preview Assets.xcassets"; sourceTree = "<group>"; };
		00132E4F2C3EBFBC00BB7997 /* TimeTests.xctest */ = {isa = PBXFileReference; explicitFileType = wrapper.cfbundle; includeInIndex = 0; path = TimeTests.xctest; sourceTree = BUILT_PRODUCTS_DIR; };
		00132E532C3EBFBC00BB7997 /* TimeTests.swift */ = {isa = PBXFileReference; lastKnownFileType = sourcecode.swift; path = TimeTests.swift; sourceTree = "<group>"; };
		00132E592C3EBFBC00BB7997 /* TimeUITests.xctest */ = {isa = PBXFileReference; explicitFileType = wrapper.cfbundle; includeInIndex = 0; path = TimeUITests.xctest; sourceTree = BUILT_PRODUCTS_DIR; };
		00132E5D2C3EBFBC00BB7997 /* TimeUITests.swift */ = {isa = PBXFileReference; lastKnownFileType = sourcecode.swift; path = TimeUITests.swift; sourceTree = "<group>"; };
		00132E5F2C3EBFBC00BB7997 /* TimeUITestsLaunchTests.swift */ = {isa = PBXFileReference; lastKnownFileType = sourcecode.swift; path = TimeUITestsLaunchTests.swift; sourceTree = "<group>"; };
		00132E6F2C3EC04500BB7997 /* ProjectViewInList.swift */ = {isa = PBXFileReference; lastKnownFileType = sourcecode.swift; path = ProjectViewInList.swift; sourceTree = "<group>"; };
		00132E7A2C46128200BB7997 /* ProjectItem.swift */ = {isa = PBXFileReference; lastKnownFileType = sourcecode.swift; name = ProjectItem.swift; path = Time/TimeView/Models/ProjectItem.swift; sourceTree = SOURCE_ROOT; };
		00132E802C47B01700BB7997 /* Dashboard.swift */ = {isa = PBXFileReference; lastKnownFileType = sourcecode.swift; path = Dashboard.swift; sourceTree = "<group>"; };
		00132E872C4B957400BB7997 /* ProjectCreation.swift */ = {isa = PBXFileReference; lastKnownFileType = sourcecode.swift; path = ProjectCreation.swift; sourceTree = "<group>"; };
		0015458E2C5E00C800CC5D6E /* SettingsView.swift */ = {isa = PBXFileReference; lastKnownFileType = sourcecode.swift; path = SettingsView.swift; sourceTree = "<group>"; };
		001545902C5E09EB00CC5D6E /* ContentView.swift */ = {isa = PBXFileReference; lastKnownFileType = sourcecode.swift; path = ContentView.swift; sourceTree = "<group>"; };
		001545922C5E191000CC5D6E /* Tag.swift */ = {isa = PBXFileReference; lastKnownFileType = sourcecode.swift; path = Tag.swift; sourceTree = "<group>"; };
		001545942C5E1B8100CC5D6E /* TagSelector.swift */ = {isa = PBXFileReference; lastKnownFileType = sourcecode.swift; path = TagSelector.swift; sourceTree = "<group>"; };
		0016C0992C6213DA005308EA /* ProjectHeader.swift */ = {isa = PBXFileReference; lastKnownFileType = sourcecode.swift; path = ProjectHeader.swift; sourceTree = "<group>"; };
		003D166B2C5B5F4900D02472 /* ViewModel.swift */ = {isa = PBXFileReference; lastKnownFileType = sourcecode.swift; path = ViewModel.swift; sourceTree = "<group>"; };
		003D166D2C5B739600D02472 /* SortButton.swift */ = {isa = PBXFileReference; lastKnownFileType = sourcecode.swift; path = SortButton.swift; sourceTree = "<group>"; };
		003D166F2C5B7C2500D02472 /* ProjectList.swift */ = {isa = PBXFileReference; lastKnownFileType = sourcecode.swift; path = ProjectList.swift; sourceTree = "<group>"; };
		004559A12C6342FB00A0C857 /* PeriodRecordService.swift */ = {isa = PBXFileReference; lastKnownFileType = sourcecode.swift; path = PeriodRecordService.swift; sourceTree = "<group>"; };
		004559A32C6389C500A0C857 /* ProjectItemService.swift */ = {isa = PBXFileReference; lastKnownFileType = sourcecode.swift; path = ProjectItemService.swift; sourceTree = "<group>"; };
		004559A72C63B29500A0C857 /* History.swift */ = {isa = PBXFileReference; lastKnownFileType = sourcecode.swift; path = History.swift; sourceTree = "<group>"; };
		00522DCB2C66277500DA781A /* ProjectViewInTimeline.swift */ = {isa = PBXFileReference; lastKnownFileType = sourcecode.swift; path = ProjectViewInTimeline.swift; sourceTree = "<group>"; };
		00522DCD2C666AEC00DA781A /* ProjectTimeline.swift */ = {isa = PBXFileReference; lastKnownFileType = sourcecode.swift; path = ProjectTimeline.swift; sourceTree = "<group>"; };
		00522DCF2C66FFF700DA781A /* ProjectSummary.swift */ = {isa = PBXFileReference; lastKnownFileType = sourcecode.swift; path = ProjectSummary.swift; sourceTree = "<group>"; };
		00522DD22C672F6600DA781A /* ClassAndViewUpdates.swift */ = {isa = PBXFileReference; lastKnownFileType = sourcecode.swift; path = ClassAndViewUpdates.swift; sourceTree = "<group>"; };
		00522DD52C677A9600DA781A /* PeriodEditingView.swift */ = {isa = PBXFileReference; lastKnownFileType = sourcecode.swift; path = PeriodEditingView.swift; sourceTree = "<group>"; };
		00522DD72C6787C200DA781A /* ParentProjectPicker.swift */ = {isa = PBXFileReference; lastKnownFileType = sourcecode.swift; path = ParentProjectPicker.swift; sourceTree = "<group>"; };
		00522DD92C67880600DA781A /* ProjectNote.swift */ = {isa = PBXFileReference; lastKnownFileType = sourcecode.swift; path = ProjectNote.swift; sourceTree = "<group>"; };
		00522DDB2C67883100DA781A /* TimePicker.swift */ = {isa = PBXFileReference; lastKnownFileType = sourcecode.swift; path = TimePicker.swift; sourceTree = "<group>"; };
		00522DDF2C67888000DA781A /* ProjectDatePicker.swift */ = {isa = PBXFileReference; lastKnownFileType = sourcecode.swift; path = ProjectDatePicker.swift; sourceTree = "<group>"; };
		008039B22C630DD600B49561 /* Color.swift */ = {isa = PBXFileReference; lastKnownFileType = sourcecode.swift; path = Color.swift; sourceTree = "<group>"; };
		0086A3E32C605499004B574E /* StatsOverview.swift */ = {isa = PBXFileReference; lastKnownFileType = sourcecode.swift; path = StatsOverview.swift; sourceTree = "<group>"; };
		00B1A1F12C57E0610026CE81 /* Playground.playground */ = {isa = PBXFileReference; lastKnownFileType = file.playground; name = Playground.playground; path = ../Playground.playground; sourceTree = "<group>"; xcLanguageSpecificationIdentifier = xcode.lang.swift; };
		00D385532C56066D0091135F /* ProjectViewInHeader.swift */ = {isa = PBXFileReference; lastKnownFileType = sourcecode.swift; path = ProjectViewInHeader.swift; sourceTree = "<group>"; };
		00E15AAC2C4D23E20019FEE0 /* Util.swift */ = {isa = PBXFileReference; lastKnownFileType = sourcecode.swift; path = Util.swift; sourceTree = "<group>"; };
		00E15AB42C514B010019FEE0 /* PeriodRecord.swift */ = {isa = PBXFileReference; lastKnownFileType = sourcecode.swift; path = PeriodRecord.swift; sourceTree = "<group>"; };
/* End PBXFileReference section */

/* Begin PBXFrameworksBuildPhase section */
		00132E392C3EBFBB00BB7997 /* Frameworks */ = {
			isa = PBXFrameworksBuildPhase;
			buildActionMask = 2147483647;
			files = (
				00B1A2002C57E1530026CE81 /* _RopeModule in Frameworks */,
				00B1A1FA2C57E1530026CE81 /* HashTreeCollections in Frameworks */,
				00B1A1EE2C57DE690026CE81 /* GeneralMacro in Frameworks */,
				00B1A1F02C57DE690026CE81 /* GeneralMacroClient in Frameworks */,
				00B1A1FC2C57E1530026CE81 /* HeapModule in Frameworks */,
				00B1A1F82C57E1530026CE81 /* DequeModule in Frameworks */,
				007F93C62C689AE000528F36 /* LoremSwiftum in Frameworks */,
				00B1A1F62C57E1530026CE81 /* Collections in Frameworks */,
				00B1A1FE2C57E1530026CE81 /* OrderedCollections in Frameworks */,
				00B1A1F42C57E1530026CE81 /* BitCollections in Frameworks */,
			);
			runOnlyForDeploymentPostprocessing = 0;
		};
		00132E4C2C3EBFBC00BB7997 /* Frameworks */ = {
			isa = PBXFrameworksBuildPhase;
			buildActionMask = 2147483647;
			files = (
			);
			runOnlyForDeploymentPostprocessing = 0;
		};
		00132E562C3EBFBC00BB7997 /* Frameworks */ = {
			isa = PBXFrameworksBuildPhase;
			buildActionMask = 2147483647;
			files = (
			);
			runOnlyForDeploymentPostprocessing = 0;
		};
/* End PBXFrameworksBuildPhase section */

/* Begin PBXGroup section */
		00132E332C3EBFBB00BB7997 = {
			isa = PBXGroup;
			children = (
				00B1A1F12C57E0610026CE81 /* Playground.playground */,
				00132E3E2C3EBFBB00BB7997 /* Time */,
				00132E522C3EBFBC00BB7997 /* TimeTests */,
				00132E5C2C3EBFBC00BB7997 /* TimeUITests */,
				00132E3D2C3EBFBB00BB7997 /* Products */,
				00132E8C2C4B98FA00BB7997 /* Frameworks */,
			);
			sourceTree = "<group>";
		};
		00132E3D2C3EBFBB00BB7997 /* Products */ = {
			isa = PBXGroup;
			children = (
				00132E3C2C3EBFBB00BB7997 /* Time.app */,
				00132E4F2C3EBFBC00BB7997 /* TimeTests.xctest */,
				00132E592C3EBFBC00BB7997 /* TimeUITests.xctest */,
			);
			name = Products;
			sourceTree = "<group>";
		};
		00132E3E2C3EBFBB00BB7997 /* Time */ = {
			isa = PBXGroup;
			children = (
				00E15AAB2C4D23CE0019FEE0 /* Util */,
				004559A02C63424B00A0C857 /* Services */,
				00132E7C2C4612A600BB7997 /* Models */,
				00132E6C2C3EBFCC00BB7997 /* TimeView */,
				00132E3F2C3EBFBB00BB7997 /* TimeApp.swift */,
				00132E452C3EBFBC00BB7997 /* Assets.xcassets */,
				00132E472C3EBFBC00BB7997 /* Time.entitlements */,
				00132E482C3EBFBC00BB7997 /* Preview Content */,
			);
			path = Time;
			sourceTree = "<group>";
		};
		00132E482C3EBFBC00BB7997 /* Preview Content */ = {
			isa = PBXGroup;
			children = (
				00132E492C3EBFBC00BB7997 /* Preview Assets.xcassets */,
			);
			path = "Preview Content";
			sourceTree = "<group>";
		};
		00132E522C3EBFBC00BB7997 /* TimeTests */ = {
			isa = PBXGroup;
			children = (
				00132E532C3EBFBC00BB7997 /* TimeTests.swift */,
			);
			path = TimeTests;
			sourceTree = "<group>";
		};
		00132E5C2C3EBFBC00BB7997 /* TimeUITests */ = {
			isa = PBXGroup;
			children = (
				00132E5D2C3EBFBC00BB7997 /* TimeUITests.swift */,
				00132E5F2C3EBFBC00BB7997 /* TimeUITestsLaunchTests.swift */,
			);
			path = TimeUITests;
			sourceTree = "<group>";
		};
		00132E6C2C3EBFCC00BB7997 /* TimeView */ = {
			isa = PBXGroup;
			children = (
				00522DE12C6788D000DA781A /* Common */,
				00522DD12C672F3500DA781A /* Pitfall */,
				00522DCA2C64A7D400DA781A /* Commands */,
				00522DC92C64A38B00DA781A /* Periods */,
				004559A62C63B26E00A0C857 /* Charts */,
				00E88DB82C621A5E0036D88C /* Project */,
				003D166D2C5B739600D02472 /* SortButton.swift */,
				00132E802C47B01700BB7997 /* Dashboard.swift */,
				0015458E2C5E00C800CC5D6E /* SettingsView.swift */,
				001545902C5E09EB00CC5D6E /* ContentView.swift */,
				001545942C5E1B8100CC5D6E /* TagSelector.swift */,
				0086A3E32C605499004B574E /* StatsOverview.swift */,
				00522DDB2C67883100DA781A /* TimePicker.swift */,
			);
			path = TimeView;
			sourceTree = "<group>";
		};
		00132E7C2C4612A600BB7997 /* Models */ = {
			isa = PBXGroup;
			children = (
				00132E7A2C46128200BB7997 /* ProjectItem.swift */,
				00E15AB42C514B010019FEE0 /* PeriodRecord.swift */,
				003D166B2C5B5F4900D02472 /* ViewModel.swift */,
				001545922C5E191000CC5D6E /* Tag.swift */,
			);
			name = Models;
			path = TimeView/Models;
			sourceTree = "<group>";
		};
		00132E8C2C4B98FA00BB7997 /* Frameworks */ = {
			isa = PBXGroup;
			children = (
			);
			name = Frameworks;
			sourceTree = "<group>";
		};
		004559A02C63424B00A0C857 /* Services */ = {
			isa = PBXGroup;
			children = (
				004559A12C6342FB00A0C857 /* PeriodRecordService.swift */,
				004559A32C6389C500A0C857 /* ProjectItemService.swift */,
			);
			path = Services;
			sourceTree = "<group>";
		};
		004559A62C63B26E00A0C857 /* Charts */ = {
			isa = PBXGroup;
			children = (
				004559A72C63B29500A0C857 /* History.swift */,
			);
			path = Charts;
			sourceTree = "<group>";
		};
		00522DC92C64A38B00DA781A /* Periods */ = {
			isa = PBXGroup;
			children = (
				00522DD52C677A9600DA781A /* PeriodEditingView.swift */,
			);
			path = Periods;
			sourceTree = "<group>";
		};
		00522DCA2C64A7D400DA781A /* Commands */ = {
			isa = PBXGroup;
			children = (
			);
			path = Commands;
			sourceTree = "<group>";
		};
		00522DD12C672F3500DA781A /* Pitfall */ = {
			isa = PBXGroup;
			children = (
				00522DD22C672F6600DA781A /* ClassAndViewUpdates.swift */,
			);
			path = Pitfall;
			sourceTree = "<group>";
		};
		00522DE12C6788D000DA781A /* Common */ = {
			isa = PBXGroup;
			children = (
			);
			path = Common;
			sourceTree = "<group>";
		};
		00E15AAB2C4D23CE0019FEE0 /* Util */ = {
			isa = PBXGroup;
			children = (
				00E15AAC2C4D23E20019FEE0 /* Util.swift */,
				008039B22C630DD600B49561 /* Color.swift */,
			);
			path = Util;
			sourceTree = "<group>";
		};
		00E88DB82C621A5E0036D88C /* Project */ = {
			isa = PBXGroup;
			children = (
				00132E6F2C3EC04500BB7997 /* ProjectViewInList.swift */,
				00132E872C4B957400BB7997 /* ProjectCreation.swift */,
				00D385532C56066D0091135F /* ProjectViewInHeader.swift */,
				003D166F2C5B7C2500D02472 /* ProjectList.swift */,
				0016C0992C6213DA005308EA /* ProjectHeader.swift */,
				00522DCB2C66277500DA781A /* ProjectViewInTimeline.swift */,
				00522DCD2C666AEC00DA781A /* ProjectTimeline.swift */,
				00522DCF2C66FFF700DA781A /* ProjectSummary.swift */,
				00522DD72C6787C200DA781A /* ParentProjectPicker.swift */,
				00522DD92C67880600DA781A /* ProjectNote.swift */,
				00522DDF2C67888000DA781A /* ProjectDatePicker.swift */,
			);
			path = Project;
			sourceTree = "<group>";
		};
/* End PBXGroup section */

/* Begin PBXNativeTarget section */
		00132E3B2C3EBFBB00BB7997 /* Time */ = {
			isa = PBXNativeTarget;
			buildConfigurationList = 00132E632C3EBFBC00BB7997 /* Build configuration list for PBXNativeTarget "Time" */;
			buildPhases = (
				00132E382C3EBFBB00BB7997 /* Sources */,
				00132E392C3EBFBB00BB7997 /* Frameworks */,
				00132E3A2C3EBFBB00BB7997 /* Resources */,
			);
			buildRules = (
			);
			dependencies = (
			);
			name = Time;
			packageProductDependencies = (
				00B1A1ED2C57DE690026CE81 /* GeneralMacro */,
				00B1A1EF2C57DE690026CE81 /* GeneralMacroClient */,
				00B1A1F32C57E1530026CE81 /* BitCollections */,
				00B1A1F52C57E1530026CE81 /* Collections */,
				00B1A1F72C57E1530026CE81 /* DequeModule */,
				00B1A1F92C57E1530026CE81 /* HashTreeCollections */,
				00B1A1FB2C57E1530026CE81 /* HeapModule */,
				00B1A1FD2C57E1530026CE81 /* OrderedCollections */,
				00B1A1FF2C57E1530026CE81 /* _RopeModule */,
				007F93C52C689AE000528F36 /* LoremSwiftum */,
			);
			productName = Time;
			productReference = 00132E3C2C3EBFBB00BB7997 /* Time.app */;
			productType = "com.apple.product-type.application";
		};
		00132E4E2C3EBFBC00BB7997 /* TimeTests */ = {
			isa = PBXNativeTarget;
			buildConfigurationList = 00132E662C3EBFBC00BB7997 /* Build configuration list for PBXNativeTarget "TimeTests" */;
			buildPhases = (
				00132E4B2C3EBFBC00BB7997 /* Sources */,
				00132E4C2C3EBFBC00BB7997 /* Frameworks */,
				00132E4D2C3EBFBC00BB7997 /* Resources */,
			);
			buildRules = (
			);
			dependencies = (
				00132E512C3EBFBC00BB7997 /* PBXTargetDependency */,
			);
			name = TimeTests;
			packageProductDependencies = (
			);
			productName = TimeTests;
			productReference = 00132E4F2C3EBFBC00BB7997 /* TimeTests.xctest */;
			productType = "com.apple.product-type.bundle.unit-test";
		};
		00132E582C3EBFBC00BB7997 /* TimeUITests */ = {
			isa = PBXNativeTarget;
			buildConfigurationList = 00132E692C3EBFBC00BB7997 /* Build configuration list for PBXNativeTarget "TimeUITests" */;
			buildPhases = (
				00132E552C3EBFBC00BB7997 /* Sources */,
				00132E562C3EBFBC00BB7997 /* Frameworks */,
				00132E572C3EBFBC00BB7997 /* Resources */,
			);
			buildRules = (
			);
			dependencies = (
				00132E5B2C3EBFBC00BB7997 /* PBXTargetDependency */,
			);
			name = TimeUITests;
			productName = TimeUITests;
			productReference = 00132E592C3EBFBC00BB7997 /* TimeUITests.xctest */;
			productType = "com.apple.product-type.bundle.ui-testing";
		};
/* End PBXNativeTarget section */

/* Begin PBXProject section */
		00132E342C3EBFBB00BB7997 /* Project object */ = {
			isa = PBXProject;
			attributes = {
				BuildIndependentTargetsInParallel = 1;
				LastSwiftUpdateCheck = 1540;
				LastUpgradeCheck = 1540;
				TargetAttributes = {
					00132E3B2C3EBFBB00BB7997 = {
						CreatedOnToolsVersion = 15.4;
					};
					00132E4E2C3EBFBC00BB7997 = {
						CreatedOnToolsVersion = 15.4;
						TestTargetID = 00132E3B2C3EBFBB00BB7997;
					};
					00132E582C3EBFBC00BB7997 = {
						CreatedOnToolsVersion = 15.4;
						TestTargetID = 00132E3B2C3EBFBB00BB7997;
					};
				};
			};
			buildConfigurationList = 00132E372C3EBFBB00BB7997 /* Build configuration list for PBXProject "Time" */;
			compatibilityVersion = "Xcode 14.0";
			developmentRegion = en;
			hasScannedForEncodings = 0;
			knownRegions = (
				en,
				Base,
			);
			mainGroup = 00132E332C3EBFBB00BB7997;
			packageReferences = (
				00132E8F2C4B9C6A00BB7997 /* XCLocalSwiftPackageReference "../GeneralMacro" */,
				00D385562C57D1BF0091135F /* XCRemoteSwiftPackageReference "not-just-another-init-macro" */,
				00B1A1F22C57E1530026CE81 /* XCRemoteSwiftPackageReference "swift-collections" */,
				007F93C42C689AE000528F36 /* XCRemoteSwiftPackageReference "LoremSwiftum" */,
			);
			productRefGroup = 00132E3D2C3EBFBB00BB7997 /* Products */;
			projectDirPath = "";
			projectRoot = "";
			targets = (
				00132E3B2C3EBFBB00BB7997 /* Time */,
				00132E4E2C3EBFBC00BB7997 /* TimeTests */,
				00132E582C3EBFBC00BB7997 /* TimeUITests */,
			);
		};
/* End PBXProject section */

/* Begin PBXResourcesBuildPhase section */
		00132E3A2C3EBFBB00BB7997 /* Resources */ = {
			isa = PBXResourcesBuildPhase;
			buildActionMask = 2147483647;
			files = (
				00132E4A2C3EBFBC00BB7997 /* Preview Assets.xcassets in Resources */,
				00132E462C3EBFBC00BB7997 /* Assets.xcassets in Resources */,
			);
			runOnlyForDeploymentPostprocessing = 0;
		};
		00132E4D2C3EBFBC00BB7997 /* Resources */ = {
			isa = PBXResourcesBuildPhase;
			buildActionMask = 2147483647;
			files = (
			);
			runOnlyForDeploymentPostprocessing = 0;
		};
		00132E572C3EBFBC00BB7997 /* Resources */ = {
			isa = PBXResourcesBuildPhase;
			buildActionMask = 2147483647;
			files = (
			);
			runOnlyForDeploymentPostprocessing = 0;
		};
/* End PBXResourcesBuildPhase section */

/* Begin PBXSourcesBuildPhase section */
		00132E382C3EBFBB00BB7997 /* Sources */ = {
			isa = PBXSourcesBuildPhase;
			buildActionMask = 2147483647;
			files = (
				0086A3E42C605499004B574E /* StatsOverview.swift in Sources */,
				003D166C2C5B5F4900D02472 /* ViewModel.swift in Sources */,
				004559A42C6389C500A0C857 /* ProjectItemService.swift in Sources */,
				00132E812C47B01700BB7997 /* Dashboard.swift in Sources */,
				003D16702C5B7C2500D02472 /* ProjectList.swift in Sources */,
				003D166E2C5B739600D02472 /* SortButton.swift in Sources */,
				00522DE02C67888000DA781A /* ProjectDatePicker.swift in Sources */,
				00522DDC2C67883100DA781A /* TimePicker.swift in Sources */,
				00522DCE2C666AEC00DA781A /* ProjectTimeline.swift in Sources */,
				0016C09A2C6213DA005308EA /* ProjectHeader.swift in Sources */,
				00D385542C56066D0091135F /* ProjectViewInHeader.swift in Sources */,
				00522DCC2C66277500DA781A /* ProjectViewInTimeline.swift in Sources */,
				00132E702C3EC04500BB7997 /* ProjectViewInList.swift in Sources */,
				004559A82C63B29500A0C857 /* History.swift in Sources */,
				004559A22C6342FB00A0C857 /* PeriodRecordService.swift in Sources */,
				00522DDA2C67880600DA781A /* ProjectNote.swift in Sources */,
				0015458F2C5E00C800CC5D6E /* SettingsView.swift in Sources */,
				00132E7B2C46128200BB7997 /* ProjectItem.swift in Sources */,
				00E15AAD2C4D23E20019FEE0 /* Util.swift in Sources */,
				00E15AB52C514B010019FEE0 /* PeriodRecord.swift in Sources */,
				001545932C5E191000CC5D6E /* Tag.swift in Sources */,
				001545952C5E1B8100CC5D6E /* TagSelector.swift in Sources */,
				001545912C5E09EB00CC5D6E /* ContentView.swift in Sources */,
				00522DD02C66FFF700DA781A /* ProjectSummary.swift in Sources */,
				00132E402C3EBFBB00BB7997 /* TimeApp.swift in Sources */,
				00522DD62C677A9600DA781A /* PeriodEditingView.swift in Sources */,
				00522DD32C672F6600DA781A /* ClassAndViewUpdates.swift in Sources */,
				00132E882C4B957400BB7997 /* ProjectCreation.swift in Sources */,
				008039B32C630DD600B49561 /* Color.swift in Sources */,
				00522DD82C6787C200DA781A /* ParentProjectPicker.swift in Sources */,
			);
			runOnlyForDeploymentPostprocessing = 0;
		};
		00132E4B2C3EBFBC00BB7997 /* Sources */ = {
			isa = PBXSourcesBuildPhase;
			buildActionMask = 2147483647;
			files = (
				00132E542C3EBFBC00BB7997 /* TimeTests.swift in Sources */,
			);
			runOnlyForDeploymentPostprocessing = 0;
		};
		00132E552C3EBFBC00BB7997 /* Sources */ = {
			isa = PBXSourcesBuildPhase;
			buildActionMask = 2147483647;
			files = (
				00132E5E2C3EBFBC00BB7997 /* TimeUITests.swift in Sources */,
				00132E602C3EBFBC00BB7997 /* TimeUITestsLaunchTests.swift in Sources */,
			);
			runOnlyForDeploymentPostprocessing = 0;
		};
/* End PBXSourcesBuildPhase section */

/* Begin PBXTargetDependency section */
		00132E512C3EBFBC00BB7997 /* PBXTargetDependency */ = {
			isa = PBXTargetDependency;
			target = 00132E3B2C3EBFBB00BB7997 /* Time */;
			targetProxy = 00132E502C3EBFBC00BB7997 /* PBXContainerItemProxy */;
		};
		00132E5B2C3EBFBC00BB7997 /* PBXTargetDependency */ = {
			isa = PBXTargetDependency;
			target = 00132E3B2C3EBFBB00BB7997 /* Time */;
			targetProxy = 00132E5A2C3EBFBC00BB7997 /* PBXContainerItemProxy */;
		};
/* End PBXTargetDependency section */

/* Begin XCBuildConfiguration section */
		00132E612C3EBFBC00BB7997 /* Debug */ = {
			isa = XCBuildConfiguration;
			buildSettings = {
				ALWAYS_SEARCH_USER_PATHS = NO;
				ASSETCATALOG_COMPILER_GENERATE_SWIFT_ASSET_SYMBOL_EXTENSIONS = YES;
				CLANG_ANALYZER_NONNULL = YES;
				CLANG_ANALYZER_NUMBER_OBJECT_CONVERSION = YES_AGGRESSIVE;
				CLANG_CXX_LANGUAGE_STANDARD = "gnu++20";
				CLANG_ENABLE_MODULES = YES;
				CLANG_ENABLE_OBJC_ARC = YES;
				CLANG_ENABLE_OBJC_WEAK = YES;
				CLANG_WARN_BLOCK_CAPTURE_AUTORELEASING = YES;
				CLANG_WARN_BOOL_CONVERSION = YES;
				CLANG_WARN_COMMA = YES;
				CLANG_WARN_CONSTANT_CONVERSION = YES;
				CLANG_WARN_DEPRECATED_OBJC_IMPLEMENTATIONS = YES;
				CLANG_WARN_DIRECT_OBJC_ISA_USAGE = YES_ERROR;
				CLANG_WARN_DOCUMENTATION_COMMENTS = YES;
				CLANG_WARN_EMPTY_BODY = YES;
				CLANG_WARN_ENUM_CONVERSION = YES;
				CLANG_WARN_INFINITE_RECURSION = YES;
				CLANG_WARN_INT_CONVERSION = YES;
				CLANG_WARN_NON_LITERAL_NULL_CONVERSION = YES;
				CLANG_WARN_OBJC_IMPLICIT_RETAIN_SELF = YES;
				CLANG_WARN_OBJC_LITERAL_CONVERSION = YES;
				CLANG_WARN_OBJC_ROOT_CLASS = YES_ERROR;
				CLANG_WARN_QUOTED_INCLUDE_IN_FRAMEWORK_HEADER = YES;
				CLANG_WARN_RANGE_LOOP_ANALYSIS = YES;
				CLANG_WARN_STRICT_PROTOTYPES = YES;
				CLANG_WARN_SUSPICIOUS_MOVE = YES;
				CLANG_WARN_UNGUARDED_AVAILABILITY = YES_AGGRESSIVE;
				CLANG_WARN_UNREACHABLE_CODE = YES;
				CLANG_WARN__DUPLICATE_METHOD_MATCH = YES;
				COPY_PHASE_STRIP = NO;
				DEBUG_INFORMATION_FORMAT = dwarf;
				ENABLE_STRICT_OBJC_MSGSEND = YES;
				ENABLE_TESTABILITY = YES;
				ENABLE_USER_SCRIPT_SANDBOXING = YES;
				GCC_C_LANGUAGE_STANDARD = gnu17;
				GCC_DYNAMIC_NO_PIC = NO;
				GCC_NO_COMMON_BLOCKS = YES;
				GCC_OPTIMIZATION_LEVEL = 0;
				GCC_PREPROCESSOR_DEFINITIONS = (
					"DEBUG=1",
					"$(inherited)",
				);
				GCC_WARN_64_TO_32_BIT_CONVERSION = YES;
				GCC_WARN_ABOUT_RETURN_TYPE = YES_ERROR;
				GCC_WARN_UNDECLARED_SELECTOR = YES;
				GCC_WARN_UNINITIALIZED_AUTOS = YES_AGGRESSIVE;
				GCC_WARN_UNUSED_FUNCTION = YES;
				GCC_WARN_UNUSED_VARIABLE = YES;
				LOCALIZATION_PREFERS_STRING_CATALOGS = YES;
				MTL_ENABLE_DEBUG_INFO = INCLUDE_SOURCE;
				MTL_FAST_MATH = YES;
				ONLY_ACTIVE_ARCH = YES;
				SWIFT_ACTIVE_COMPILATION_CONDITIONS = "DEBUG $(inherited)";
				SWIFT_OPTIMIZATION_LEVEL = "-Onone";
			};
			name = Debug;
		};
		00132E622C3EBFBC00BB7997 /* Release */ = {
			isa = XCBuildConfiguration;
			buildSettings = {
				ALWAYS_SEARCH_USER_PATHS = NO;
				ASSETCATALOG_COMPILER_GENERATE_SWIFT_ASSET_SYMBOL_EXTENSIONS = YES;
				CLANG_ANALYZER_NONNULL = YES;
				CLANG_ANALYZER_NUMBER_OBJECT_CONVERSION = YES_AGGRESSIVE;
				CLANG_CXX_LANGUAGE_STANDARD = "gnu++20";
				CLANG_ENABLE_MODULES = YES;
				CLANG_ENABLE_OBJC_ARC = YES;
				CLANG_ENABLE_OBJC_WEAK = YES;
				CLANG_WARN_BLOCK_CAPTURE_AUTORELEASING = YES;
				CLANG_WARN_BOOL_CONVERSION = YES;
				CLANG_WARN_COMMA = YES;
				CLANG_WARN_CONSTANT_CONVERSION = YES;
				CLANG_WARN_DEPRECATED_OBJC_IMPLEMENTATIONS = YES;
				CLANG_WARN_DIRECT_OBJC_ISA_USAGE = YES_ERROR;
				CLANG_WARN_DOCUMENTATION_COMMENTS = YES;
				CLANG_WARN_EMPTY_BODY = YES;
				CLANG_WARN_ENUM_CONVERSION = YES;
				CLANG_WARN_INFINITE_RECURSION = YES;
				CLANG_WARN_INT_CONVERSION = YES;
				CLANG_WARN_NON_LITERAL_NULL_CONVERSION = YES;
				CLANG_WARN_OBJC_IMPLICIT_RETAIN_SELF = YES;
				CLANG_WARN_OBJC_LITERAL_CONVERSION = YES;
				CLANG_WARN_OBJC_ROOT_CLASS = YES_ERROR;
				CLANG_WARN_QUOTED_INCLUDE_IN_FRAMEWORK_HEADER = YES;
				CLANG_WARN_RANGE_LOOP_ANALYSIS = YES;
				CLANG_WARN_STRICT_PROTOTYPES = YES;
				CLANG_WARN_SUSPICIOUS_MOVE = YES;
				CLANG_WARN_UNGUARDED_AVAILABILITY = YES_AGGRESSIVE;
				CLANG_WARN_UNREACHABLE_CODE = YES;
				CLANG_WARN__DUPLICATE_METHOD_MATCH = YES;
				COPY_PHASE_STRIP = NO;
				DEBUG_INFORMATION_FORMAT = "dwarf-with-dsym";
				ENABLE_NS_ASSERTIONS = NO;
				ENABLE_STRICT_OBJC_MSGSEND = YES;
				ENABLE_USER_SCRIPT_SANDBOXING = YES;
				GCC_C_LANGUAGE_STANDARD = gnu17;
				GCC_NO_COMMON_BLOCKS = YES;
				GCC_WARN_64_TO_32_BIT_CONVERSION = YES;
				GCC_WARN_ABOUT_RETURN_TYPE = YES_ERROR;
				GCC_WARN_UNDECLARED_SELECTOR = YES;
				GCC_WARN_UNINITIALIZED_AUTOS = YES_AGGRESSIVE;
				GCC_WARN_UNUSED_FUNCTION = YES;
				GCC_WARN_UNUSED_VARIABLE = YES;
				LOCALIZATION_PREFERS_STRING_CATALOGS = YES;
				MTL_ENABLE_DEBUG_INFO = NO;
				MTL_FAST_MATH = YES;
				SWIFT_COMPILATION_MODE = wholemodule;
			};
			name = Release;
		};
		00132E642C3EBFBC00BB7997 /* Debug */ = {
			isa = XCBuildConfiguration;
			buildSettings = {
				ASSETCATALOG_COMPILER_APPICON_NAME = AppIcon;
				ASSETCATALOG_COMPILER_GLOBAL_ACCENT_COLOR_NAME = AccentColor;
				CODE_SIGN_ENTITLEMENTS = Time/Time.entitlements;
				CODE_SIGN_STYLE = Automatic;
				CURRENT_PROJECT_VERSION = 1;
				DEVELOPMENT_ASSET_PATHS = "\"Time/Preview Content\"";
				DEVELOPMENT_TEAM = D7WUY54SX4;
				ENABLE_HARDENED_RUNTIME = YES;
				ENABLE_PREVIEWS = YES;
				GENERATE_INFOPLIST_FILE = YES;
				INFOPLIST_KEY_CFBundleDisplayName = Time;
				INFOPLIST_KEY_LSApplicationCategoryType = "public.app-category.productivity";
				"INFOPLIST_KEY_UIApplicationSceneManifest_Generation[sdk=iphoneos*]" = YES;
				"INFOPLIST_KEY_UIApplicationSceneManifest_Generation[sdk=iphonesimulator*]" = YES;
				"INFOPLIST_KEY_UIApplicationSupportsIndirectInputEvents[sdk=iphoneos*]" = YES;
				"INFOPLIST_KEY_UIApplicationSupportsIndirectInputEvents[sdk=iphonesimulator*]" = YES;
				"INFOPLIST_KEY_UILaunchScreen_Generation[sdk=iphoneos*]" = YES;
				"INFOPLIST_KEY_UILaunchScreen_Generation[sdk=iphonesimulator*]" = YES;
				"INFOPLIST_KEY_UIStatusBarStyle[sdk=iphoneos*]" = UIStatusBarStyleDefault;
				"INFOPLIST_KEY_UIStatusBarStyle[sdk=iphonesimulator*]" = UIStatusBarStyleDefault;
				INFOPLIST_KEY_UISupportedInterfaceOrientations_iPad = "UIInterfaceOrientationPortrait UIInterfaceOrientationPortraitUpsideDown UIInterfaceOrientationLandscapeLeft UIInterfaceOrientationLandscapeRight";
				INFOPLIST_KEY_UISupportedInterfaceOrientations_iPhone = "UIInterfaceOrientationPortrait UIInterfaceOrientationLandscapeLeft UIInterfaceOrientationLandscapeRight";
				IPHONEOS_DEPLOYMENT_TARGET = 17.5;
				LD_RUNPATH_SEARCH_PATHS = "@executable_path/Frameworks";
				"LD_RUNPATH_SEARCH_PATHS[sdk=macosx*]" = "@executable_path/../Frameworks";
				MACOSX_DEPLOYMENT_TARGET = 14.0;
				MARKETING_VERSION = 1.0;
				PRODUCT_BUNDLE_IDENTIFIER = cyou.b612.time;
				PRODUCT_NAME = "$(TARGET_NAME)";
				SDKROOT = auto;
				SUPPORTED_PLATFORMS = "iphoneos iphonesimulator macosx";
				SUPPORTS_MACCATALYST = NO;
				SUPPORTS_XR_DESIGNED_FOR_IPHONE_IPAD = YES;
				SWIFT_EMIT_LOC_STRINGS = YES;
				SWIFT_VERSION = 5.0;
				TARGETED_DEVICE_FAMILY = "1,2";
			};
			name = Debug;
		};
		00132E652C3EBFBC00BB7997 /* Release */ = {
			isa = XCBuildConfiguration;
			buildSettings = {
				ASSETCATALOG_COMPILER_APPICON_NAME = AppIcon;
				ASSETCATALOG_COMPILER_GLOBAL_ACCENT_COLOR_NAME = AccentColor;
				CODE_SIGN_ENTITLEMENTS = Time/Time.entitlements;
				CODE_SIGN_STYLE = Automatic;
				CURRENT_PROJECT_VERSION = 1;
				DEVELOPMENT_ASSET_PATHS = "\"Time/Preview Content\"";
				DEVELOPMENT_TEAM = D7WUY54SX4;
				ENABLE_HARDENED_RUNTIME = YES;
				ENABLE_PREVIEWS = YES;
				GENERATE_INFOPLIST_FILE = YES;
				INFOPLIST_KEY_CFBundleDisplayName = Time;
				INFOPLIST_KEY_LSApplicationCategoryType = "public.app-category.productivity";
				"INFOPLIST_KEY_UIApplicationSceneManifest_Generation[sdk=iphoneos*]" = YES;
				"INFOPLIST_KEY_UIApplicationSceneManifest_Generation[sdk=iphonesimulator*]" = YES;
				"INFOPLIST_KEY_UIApplicationSupportsIndirectInputEvents[sdk=iphoneos*]" = YES;
				"INFOPLIST_KEY_UIApplicationSupportsIndirectInputEvents[sdk=iphonesimulator*]" = YES;
				"INFOPLIST_KEY_UILaunchScreen_Generation[sdk=iphoneos*]" = YES;
				"INFOPLIST_KEY_UILaunchScreen_Generation[sdk=iphonesimulator*]" = YES;
				"INFOPLIST_KEY_UIStatusBarStyle[sdk=iphoneos*]" = UIStatusBarStyleDefault;
				"INFOPLIST_KEY_UIStatusBarStyle[sdk=iphonesimulator*]" = UIStatusBarStyleDefault;
				INFOPLIST_KEY_UISupportedInterfaceOrientations_iPad = "UIInterfaceOrientationPortrait UIInterfaceOrientationPortraitUpsideDown UIInterfaceOrientationLandscapeLeft UIInterfaceOrientationLandscapeRight";
				INFOPLIST_KEY_UISupportedInterfaceOrientations_iPhone = "UIInterfaceOrientationPortrait UIInterfaceOrientationLandscapeLeft UIInterfaceOrientationLandscapeRight";
				IPHONEOS_DEPLOYMENT_TARGET = 17.5;
				LD_RUNPATH_SEARCH_PATHS = "@executable_path/Frameworks";
				"LD_RUNPATH_SEARCH_PATHS[sdk=macosx*]" = "@executable_path/../Frameworks";
				MACOSX_DEPLOYMENT_TARGET = 14.0;
				MARKETING_VERSION = 1.0;
				PRODUCT_BUNDLE_IDENTIFIER = cyou.b612.time;
				PRODUCT_NAME = "$(TARGET_NAME)";
				SDKROOT = auto;
				SUPPORTED_PLATFORMS = "iphoneos iphonesimulator macosx";
				SUPPORTS_MACCATALYST = NO;
				SUPPORTS_XR_DESIGNED_FOR_IPHONE_IPAD = YES;
				SWIFT_EMIT_LOC_STRINGS = YES;
				SWIFT_VERSION = 5.0;
				TARGETED_DEVICE_FAMILY = "1,2";
			};
			name = Release;
		};
		00132E672C3EBFBC00BB7997 /* Debug */ = {
			isa = XCBuildConfiguration;
			buildSettings = {
				ALWAYS_EMBED_SWIFT_STANDARD_LIBRARIES = YES;
				BUNDLE_LOADER = "$(TEST_HOST)";
				CODE_SIGN_STYLE = Automatic;
				CURRENT_PROJECT_VERSION = 1;
				DEVELOPMENT_TEAM = D7WUY54SX4;
				GENERATE_INFOPLIST_FILE = YES;
				IPHONEOS_DEPLOYMENT_TARGET = 17.5;
				MACOSX_DEPLOYMENT_TARGET = 14.5;
				MARKETING_VERSION = 1.0;
				PRODUCT_BUNDLE_IDENTIFIER = com.example.TimeTests;
				PRODUCT_NAME = "$(TARGET_NAME)";
				SDKROOT = auto;
				SUPPORTED_PLATFORMS = "iphoneos iphonesimulator macosx";
				SWIFT_EMIT_LOC_STRINGS = NO;
				SWIFT_VERSION = 5.0;
				TARGETED_DEVICE_FAMILY = "1,2";
				TEST_HOST = "$(BUILT_PRODUCTS_DIR)/Time.app/$(BUNDLE_EXECUTABLE_FOLDER_PATH)/Time";
			};
			name = Debug;
		};
		00132E682C3EBFBC00BB7997 /* Release */ = {
			isa = XCBuildConfiguration;
			buildSettings = {
				ALWAYS_EMBED_SWIFT_STANDARD_LIBRARIES = YES;
				BUNDLE_LOADER = "$(TEST_HOST)";
				CODE_SIGN_STYLE = Automatic;
				CURRENT_PROJECT_VERSION = 1;
				DEVELOPMENT_TEAM = D7WUY54SX4;
				GENERATE_INFOPLIST_FILE = YES;
				IPHONEOS_DEPLOYMENT_TARGET = 17.5;
				MACOSX_DEPLOYMENT_TARGET = 14.5;
				MARKETING_VERSION = 1.0;
				PRODUCT_BUNDLE_IDENTIFIER = com.example.TimeTests;
				PRODUCT_NAME = "$(TARGET_NAME)";
				SDKROOT = auto;
				SUPPORTED_PLATFORMS = "iphoneos iphonesimulator macosx";
				SWIFT_EMIT_LOC_STRINGS = NO;
				SWIFT_VERSION = 5.0;
				TARGETED_DEVICE_FAMILY = "1,2";
				TEST_HOST = "$(BUILT_PRODUCTS_DIR)/Time.app/$(BUNDLE_EXECUTABLE_FOLDER_PATH)/Time";
			};
			name = Release;
		};
		00132E6A2C3EBFBC00BB7997 /* Debug */ = {
			isa = XCBuildConfiguration;
			buildSettings = {
				ALWAYS_EMBED_SWIFT_STANDARD_LIBRARIES = YES;
				CODE_SIGN_STYLE = Automatic;
				CURRENT_PROJECT_VERSION = 1;
				DEVELOPMENT_TEAM = D7WUY54SX4;
				GENERATE_INFOPLIST_FILE = YES;
				IPHONEOS_DEPLOYMENT_TARGET = 17.5;
				MACOSX_DEPLOYMENT_TARGET = 14.5;
				MARKETING_VERSION = 1.0;
				PRODUCT_BUNDLE_IDENTIFIER = com.example.TimeUITests;
				PRODUCT_NAME = "$(TARGET_NAME)";
				SDKROOT = auto;
				SUPPORTED_PLATFORMS = "iphoneos iphonesimulator macosx";
				SWIFT_EMIT_LOC_STRINGS = NO;
				SWIFT_VERSION = 5.0;
				TARGETED_DEVICE_FAMILY = "1,2";
				TEST_TARGET_NAME = Time;
			};
			name = Debug;
		};
		00132E6B2C3EBFBC00BB7997 /* Release */ = {
			isa = XCBuildConfiguration;
			buildSettings = {
				ALWAYS_EMBED_SWIFT_STANDARD_LIBRARIES = YES;
				CODE_SIGN_STYLE = Automatic;
				CURRENT_PROJECT_VERSION = 1;
				DEVELOPMENT_TEAM = D7WUY54SX4;
				GENERATE_INFOPLIST_FILE = YES;
				IPHONEOS_DEPLOYMENT_TARGET = 17.5;
				MACOSX_DEPLOYMENT_TARGET = 14.5;
				MARKETING_VERSION = 1.0;
				PRODUCT_BUNDLE_IDENTIFIER = com.example.TimeUITests;
				PRODUCT_NAME = "$(TARGET_NAME)";
				SDKROOT = auto;
				SUPPORTED_PLATFORMS = "iphoneos iphonesimulator macosx";
				SWIFT_EMIT_LOC_STRINGS = NO;
				SWIFT_VERSION = 5.0;
				TARGETED_DEVICE_FAMILY = "1,2";
				TEST_TARGET_NAME = Time;
			};
			name = Release;
		};
/* End XCBuildConfiguration section */

/* Begin XCConfigurationList section */
		00132E372C3EBFBB00BB7997 /* Build configuration list for PBXProject "Time" */ = {
			isa = XCConfigurationList;
			buildConfigurations = (
				00132E612C3EBFBC00BB7997 /* Debug */,
				00132E622C3EBFBC00BB7997 /* Release */,
			);
			defaultConfigurationIsVisible = 0;
			defaultConfigurationName = Release;
		};
		00132E632C3EBFBC00BB7997 /* Build configuration list for PBXNativeTarget "Time" */ = {
			isa = XCConfigurationList;
			buildConfigurations = (
				00132E642C3EBFBC00BB7997 /* Debug */,
				00132E652C3EBFBC00BB7997 /* Release */,
			);
			defaultConfigurationIsVisible = 0;
			defaultConfigurationName = Release;
		};
		00132E662C3EBFBC00BB7997 /* Build configuration list for PBXNativeTarget "TimeTests" */ = {
			isa = XCConfigurationList;
			buildConfigurations = (
				00132E672C3EBFBC00BB7997 /* Debug */,
				00132E682C3EBFBC00BB7997 /* Release */,
			);
			defaultConfigurationIsVisible = 0;
			defaultConfigurationName = Release;
		};
		00132E692C3EBFBC00BB7997 /* Build configuration list for PBXNativeTarget "TimeUITests" */ = {
			isa = XCConfigurationList;
			buildConfigurations = (
				00132E6A2C3EBFBC00BB7997 /* Debug */,
				00132E6B2C3EBFBC00BB7997 /* Release */,
			);
			defaultConfigurationIsVisible = 0;
			defaultConfigurationName = Release;
		};
/* End XCConfigurationList section */

/* Begin XCLocalSwiftPackageReference section */
		00132E8F2C4B9C6A00BB7997 /* XCLocalSwiftPackageReference "../GeneralMacro" */ = {
			isa = XCLocalSwiftPackageReference;
			relativePath = ../GeneralMacro;
		};
/* End XCLocalSwiftPackageReference section */

/* Begin XCRemoteSwiftPackageReference section */
		007F93C42C689AE000528F36 /* XCRemoteSwiftPackageReference "LoremSwiftum" */ = {
			isa = XCRemoteSwiftPackageReference;
			repositoryURL = "https://github.com/lukaskubanek/LoremSwiftum.git";
			requirement = {
				kind = upToNextMinorVersion;
				minimumVersion = 2.2.1;
			};
		};
		00B1A1F22C57E1530026CE81 /* XCRemoteSwiftPackageReference "swift-collections" */ = {
			isa = XCRemoteSwiftPackageReference;
			repositoryURL = "https://github.com/apple/swift-collections.git";
			requirement = {
				kind = upToNextMajorVersion;
				minimumVersion = 1.1.2;
			};
		};
		00D385562C57D1BF0091135F /* XCRemoteSwiftPackageReference "not-just-another-init-macro" */ = {
			isa = XCRemoteSwiftPackageReference;
			repositoryURL = "https://github.com/TheInkedEngineer/not-just-another-init-macro";
			requirement = {
				branch = main;
				kind = branch;
			};
		};
/* End XCRemoteSwiftPackageReference section */

/* Begin XCSwiftPackageProductDependency section */
		007F93C52C689AE000528F36 /* LoremSwiftum */ = {
			isa = XCSwiftPackageProductDependency;
			package = 007F93C42C689AE000528F36 /* XCRemoteSwiftPackageReference "LoremSwiftum" */;
			productName = LoremSwiftum;
		};
		00B1A1ED2C57DE690026CE81 /* GeneralMacro */ = {
			isa = XCSwiftPackageProductDependency;
			package = 00132E8F2C4B9C6A00BB7997 /* XCLocalSwiftPackageReference "../GeneralMacro" */;
			productName = GeneralMacro;
		};
		00B1A1EF2C57DE690026CE81 /* GeneralMacroClient */ = {
			isa = XCSwiftPackageProductDependency;
			package = 00132E8F2C4B9C6A00BB7997 /* XCLocalSwiftPackageReference "../GeneralMacro" */;
			productName = GeneralMacroClient;
		};
		00B1A1F32C57E1530026CE81 /* BitCollections */ = {
			isa = XCSwiftPackageProductDependency;
			package = 00B1A1F22C57E1530026CE81 /* XCRemoteSwiftPackageReference "swift-collections" */;
			productName = BitCollections;
		};
		00B1A1F52C57E1530026CE81 /* Collections */ = {
			isa = XCSwiftPackageProductDependency;
			package = 00B1A1F22C57E1530026CE81 /* XCRemoteSwiftPackageReference "swift-collections" */;
			productName = Collections;
		};
		00B1A1F72C57E1530026CE81 /* DequeModule */ = {
			isa = XCSwiftPackageProductDependency;
			package = 00B1A1F22C57E1530026CE81 /* XCRemoteSwiftPackageReference "swift-collections" */;
			productName = DequeModule;
		};
		00B1A1F92C57E1530026CE81 /* HashTreeCollections */ = {
			isa = XCSwiftPackageProductDependency;
			package = 00B1A1F22C57E1530026CE81 /* XCRemoteSwiftPackageReference "swift-collections" */;
			productName = HashTreeCollections;
		};
		00B1A1FB2C57E1530026CE81 /* HeapModule */ = {
			isa = XCSwiftPackageProductDependency;
			package = 00B1A1F22C57E1530026CE81 /* XCRemoteSwiftPackageReference "swift-collections" */;
			productName = HeapModule;
		};
		00B1A1FD2C57E1530026CE81 /* OrderedCollections */ = {
			isa = XCSwiftPackageProductDependency;
			package = 00B1A1F22C57E1530026CE81 /* XCRemoteSwiftPackageReference "swift-collections" */;
			productName = OrderedCollections;
		};
		00B1A1FF2C57E1530026CE81 /* _RopeModule */ = {
			isa = XCSwiftPackageProductDependency;
			package = 00B1A1F22C57E1530026CE81 /* XCRemoteSwiftPackageReference "swift-collections" */;
			productName = _RopeModule;
		};
/* End XCSwiftPackageProductDependency section */
	};
	rootObject = 00132E342C3EBFBB00BB7997 /* Project object */;
}
